// !$*UTF8*$!
{
	archiveVersion = 1;
	classes = {
	};
	objectVersion = 46;
	objects = {

/* Begin PBXBuildFile section */
		523074A71DC704DE002EB030 /* Challenge.swift in Sources */ = {isa = PBXBuildFile; fileRef = 523074A61DC704DE002EB030 /* Challenge.swift */; };
		523074A91DC70C4F002EB030 /* User.swift in Sources */ = {isa = PBXBuildFile; fileRef = 523074A81DC70C4F002EB030 /* User.swift */; };
		523074AB1DC70EB6002EB030 /* UserDatabase.swift in Sources */ = {isa = PBXBuildFile; fileRef = 523074AA1DC70EB6002EB030 /* UserDatabase.swift */; };
		523074B11DC71692002EB030 /* John_Challenge_Andrea.jpg in Resources */ = {isa = PBXBuildFile; fileRef = 523074AC1DC71692002EB030 /* John_Challenge_Andrea.jpg */; };
		523074B21DC71692002EB030 /* John_Challenge_Anthony.jpg in Resources */ = {isa = PBXBuildFile; fileRef = 523074AD1DC71692002EB030 /* John_Challenge_Anthony.jpg */; };
		523074B31DC71692002EB030 /* John_Challenge_Ashling.jpg in Resources */ = {isa = PBXBuildFile; fileRef = 523074AE1DC71692002EB030 /* John_Challenge_Ashling.jpg */; };
		523074B41DC71692002EB030 /* John_Challenge_Peter.jpg in Resources */ = {isa = PBXBuildFile; fileRef = 523074AF1DC71692002EB030 /* John_Challenge_Peter.jpg */; };
		523074B51DC71692002EB030 /* John_Challenge.jpg in Resources */ = {isa = PBXBuildFile; fileRef = 523074B01DC71692002EB030 /* John_Challenge.jpg */; };
		525F84781DC86EA8006D2E2F /* ChallengeViewController.swift in Sources */ = {isa = PBXBuildFile; fileRef = 525F84771DC86EA8006D2E2F /* ChallengeViewController.swift */; };
		525F847A1DC86F05006D2E2F /* ChallengeViewController.xib in Resources */ = {isa = PBXBuildFile; fileRef = 525F84791DC86F05006D2E2F /* ChallengeViewController.xib */; };
		525F847C1DC9A6AE006D2E2F /* ChallengeCell.xib in Resources */ = {isa = PBXBuildFile; fileRef = 525F847B1DC9A6AE006D2E2F /* ChallengeCell.xib */; };
		525F847E1DC9A86A006D2E2F /* ChallengeCell.swift in Sources */ = {isa = PBXBuildFile; fileRef = 525F847D1DC9A86A006D2E2F /* ChallengeCell.swift */; };
		5285098C1DC6F9470083CC55 /* AppDelegate.swift in Sources */ = {isa = PBXBuildFile; fileRef = 5285098B1DC6F9470083CC55 /* AppDelegate.swift */; };
		528509931DC6F9470083CC55 /* Assets.xcassets in Resources */ = {isa = PBXBuildFile; fileRef = 528509921DC6F9470083CC55 /* Assets.xcassets */; };
/* End PBXBuildFile section */

/* Begin PBXFileReference section */
		523074A61DC704DE002EB030 /* Challenge.swift */ = {isa = PBXFileReference; fileEncoding = 4; lastKnownFileType = sourcecode.swift; name = Challenge.swift; path = Models/Challenge.swift; sourceTree = "<group>"; };
		523074A81DC70C4F002EB030 /* User.swift */ = {isa = PBXFileReference; fileEncoding = 4; lastKnownFileType = sourcecode.swift; name = User.swift; path = Models/User.swift; sourceTree = "<group>"; };
		523074AA1DC70EB6002EB030 /* UserDatabase.swift */ = {isa = PBXFileReference; fileEncoding = 4; lastKnownFileType = sourcecode.swift; name = UserDatabase.swift; path = Models/UserDatabase.swift; sourceTree = "<group>"; };
		523074AC1DC71692002EB030 /* John_Challenge_Andrea.jpg */ = {isa = PBXFileReference; lastKnownFileType = image.jpeg; name = John_Challenge_Andrea.jpg; path = "Supporting Files/John_Challenge_Andrea.jpg"; sourceTree = "<group>"; };
		523074AD1DC71692002EB030 /* John_Challenge_Anthony.jpg */ = {isa = PBXFileReference; lastKnownFileType = image.jpeg; name = John_Challenge_Anthony.jpg; path = "Supporting Files/John_Challenge_Anthony.jpg"; sourceTree = "<group>"; };
		523074AE1DC71692002EB030 /* John_Challenge_Ashling.jpg */ = {isa = PBXFileReference; lastKnownFileType = image.jpeg; name = John_Challenge_Ashling.jpg; path = "Supporting Files/John_Challenge_Ashling.jpg"; sourceTree = "<group>"; };
		523074AF1DC71692002EB030 /* John_Challenge_Peter.jpg */ = {isa = PBXFileReference; lastKnownFileType = image.jpeg; name = John_Challenge_Peter.jpg; path = "Supporting Files/John_Challenge_Peter.jpg"; sourceTree = "<group>"; };
		523074B01DC71692002EB030 /* John_Challenge.jpg */ = {isa = PBXFileReference; lastKnownFileType = image.jpeg; name = John_Challenge.jpg; path = "Supporting Files/John_Challenge.jpg"; sourceTree = "<group>"; };
		525F84771DC86EA8006D2E2F /* ChallengeViewController.swift */ = {isa = PBXFileReference; fileEncoding = 4; lastKnownFileType = sourcecode.swift; name = ChallengeViewController.swift; path = "View Controllers/ChallengeViewController.swift"; sourceTree = "<group>"; };
		525F84791DC86F05006D2E2F /* ChallengeViewController.xib */ = {isa = PBXFileReference; fileEncoding = 4; lastKnownFileType = file.xib; name = ChallengeViewController.xib; path = "View Controllers/ChallengeViewController.xib"; sourceTree = "<group>"; };
		525F847B1DC9A6AE006D2E2F /* ChallengeCell.xib */ = {isa = PBXFileReference; fileEncoding = 4; lastKnownFileType = file.xib; name = ChallengeCell.xib; path = Views/ChallengeCell.xib; sourceTree = "<group>"; };
		525F847D1DC9A86A006D2E2F /* ChallengeCell.swift */ = {isa = PBXFileReference; fileEncoding = 4; lastKnownFileType = sourcecode.swift; name = ChallengeCell.swift; path = Views/ChallengeCell.swift; sourceTree = "<group>"; };
		528509881DC6F9470083CC55 /* YourTake.app */ = {isa = PBXFileReference; explicitFileType = wrapper.application; includeInIndex = 0; path = YourTake.app; sourceTree = BUILT_PRODUCTS_DIR; };
		5285098B1DC6F9470083CC55 /* AppDelegate.swift */ = {isa = PBXFileReference; lastKnownFileType = sourcecode.swift; name = AppDelegate.swift; path = Main/AppDelegate.swift; sourceTree = "<group>"; };
		528509921DC6F9470083CC55 /* Assets.xcassets */ = {isa = PBXFileReference; lastKnownFileType = folder.assetcatalog; name = Assets.xcassets; path = "Supporting Files/Assets.xcassets"; sourceTree = "<group>"; };
		528509971DC6F9470083CC55 /* Info.plist */ = {isa = PBXFileReference; lastKnownFileType = text.plist.xml; path = Info.plist; sourceTree = "<group>"; };
/* End PBXFileReference section */

/* Begin PBXFrameworksBuildPhase section */
		528509851DC6F9470083CC55 /* Frameworks */ = {
			isa = PBXFrameworksBuildPhase;
			buildActionMask = 2147483647;
			files = (
			);
			runOnlyForDeploymentPostprocessing = 0;
		};
/* End PBXFrameworksBuildPhase section */

/* Begin PBXGroup section */
		5285097F1DC6F9470083CC55 = {
			isa = PBXGroup;
			children = (
				5285098A1DC6F9470083CC55 /* YourTake */,
				528509891DC6F9470083CC55 /* Products */,
			);
			sourceTree = "<group>";
		};
		528509891DC6F9470083CC55 /* Products */ = {
			isa = PBXGroup;
			children = (
				528509881DC6F9470083CC55 /* YourTake.app */,
			);
			name = Products;
			sourceTree = "<group>";
		};
		5285098A1DC6F9470083CC55 /* YourTake */ = {
			isa = PBXGroup;
			children = (
				528509A11DC6F9B40083CC55 /* Supporting Files */,
				5285099D1DC6F98A0083CC55 /* Main */,
				5285099E1DC6F9940083CC55 /* Models */,
				528509A01DC6F9A30083CC55 /* View Controllers */,
				5285099F1DC6F99B0083CC55 /* Views */,
			);
			path = YourTake;
			sourceTree = "<group>";
		};
		5285099D1DC6F98A0083CC55 /* Main */ = {
			isa = PBXGroup;
			children = (
				5285098B1DC6F9470083CC55 /* AppDelegate.swift */,
			);
			name = Main;
			sourceTree = "<group>";
		};
		5285099E1DC6F9940083CC55 /* Models */ = {
			isa = PBXGroup;
			children = (
				523074A61DC704DE002EB030 /* Challenge.swift */,
				523074A81DC70C4F002EB030 /* User.swift */,
				523074AA1DC70EB6002EB030 /* UserDatabase.swift */,
			);
			name = Models;
			sourceTree = "<group>";
		};
		5285099F1DC6F99B0083CC55 /* Views */ = {
			isa = PBXGroup;
			children = (
				525F847B1DC9A6AE006D2E2F /* ChallengeCell.xib */,
				525F847D1DC9A86A006D2E2F /* ChallengeCell.swift */,
			);
			name = Views;
			sourceTree = "<group>";
		};
		528509A01DC6F9A30083CC55 /* View Controllers */ = {
			isa = PBXGroup;
			children = (
				525F84791DC86F05006D2E2F /* ChallengeViewController.xib */,
				525F84771DC86EA8006D2E2F /* ChallengeViewController.swift */,
			);
			name = "View Controllers";
			sourceTree = "<group>";
		};
		528509A11DC6F9B40083CC55 /* Supporting Files */ = {
			isa = PBXGroup;
			children = (
				523074AC1DC71692002EB030 /* John_Challenge_Andrea.jpg */,
				523074AD1DC71692002EB030 /* John_Challenge_Anthony.jpg */,
				523074AE1DC71692002EB030 /* John_Challenge_Ashling.jpg */,
				523074AF1DC71692002EB030 /* John_Challenge_Peter.jpg */,
				523074B01DC71692002EB030 /* John_Challenge.jpg */,
				528509971DC6F9470083CC55 /* Info.plist */,
				528509921DC6F9470083CC55 /* Assets.xcassets */,
			);
			name = "Supporting Files";
			sourceTree = "<group>";
		};
/* End PBXGroup section */

/* Begin PBXNativeTarget section */
		528509871DC6F9470083CC55 /* YourTake */ = {
			isa = PBXNativeTarget;
			buildConfigurationList = 5285099A1DC6F9470083CC55 /* Build configuration list for PBXNativeTarget "YourTake" */;
			buildPhases = (
				528509841DC6F9470083CC55 /* Sources */,
				528509851DC6F9470083CC55 /* Frameworks */,
				528509861DC6F9470083CC55 /* Resources */,
			);
			buildRules = (
			);
			dependencies = (
			);
			name = YourTake;
			productName = YourTake;
			productReference = 528509881DC6F9470083CC55 /* YourTake.app */;
			productType = "com.apple.product-type.application";
		};
/* End PBXNativeTarget section */

/* Begin PBXProject section */
		528509801DC6F9470083CC55 /* Project object */ = {
			isa = PBXProject;
			attributes = {
				LastSwiftUpdateCheck = 0810;
				LastUpgradeCheck = 0810;
				ORGANIZATIONNAME = JAB;
				TargetAttributes = {
					528509871DC6F9470083CC55 = {
						CreatedOnToolsVersion = 8.1;
						ProvisioningStyle = Automatic;
					};
				};
			};
			buildConfigurationList = 528509831DC6F9470083CC55 /* Build configuration list for PBXProject "YourTake" */;
			compatibilityVersion = "Xcode 3.2";
			developmentRegion = English;
			hasScannedForEncodings = 0;
			knownRegions = (
				en,
				Base,
			);
			mainGroup = 5285097F1DC6F9470083CC55;
			productRefGroup = 528509891DC6F9470083CC55 /* Products */;
			projectDirPath = "";
			projectRoot = "";
			targets = (
				528509871DC6F9470083CC55 /* YourTake */,
			);
		};
/* End PBXProject section */

/* Begin PBXResourcesBuildPhase section */
		528509861DC6F9470083CC55 /* Resources */ = {
			isa = PBXResourcesBuildPhase;
			buildActionMask = 2147483647;
			files = (
				523074B21DC71692002EB030 /* John_Challenge_Anthony.jpg in Resources */,
				528509931DC6F9470083CC55 /* Assets.xcassets in Resources */,
				525F847A1DC86F05006D2E2F /* ChallengeViewController.xib in Resources */,
				523074B51DC71692002EB030 /* John_Challenge.jpg in Resources */,
				523074B41DC71692002EB030 /* John_Challenge_Peter.jpg in Resources */,
				525F847C1DC9A6AE006D2E2F /* ChallengeCell.xib in Resources */,
				523074B11DC71692002EB030 /* John_Challenge_Andrea.jpg in Resources */,
				523074B31DC71692002EB030 /* John_Challenge_Ashling.jpg in Resources */,
			);
			runOnlyForDeploymentPostprocessing = 0;
		};
/* End PBXResourcesBuildPhase section */

/* Begin PBXSourcesBuildPhase section */
		528509841DC6F9470083CC55 /* Sources */ = {
			isa = PBXSourcesBuildPhase;
			buildActionMask = 2147483647;
			files = (
				523074A91DC70C4F002EB030 /* User.swift in Sources */,
				525F847E1DC9A86A006D2E2F /* ChallengeCell.swift in Sources */,
				525F84781DC86EA8006D2E2F /* ChallengeViewController.swift in Sources */,
				523074A71DC704DE002EB030 /* Challenge.swift in Sources */,
				5285098C1DC6F9470083CC55 /* AppDelegate.swift in Sources */,
				523074AB1DC70EB6002EB030 /* UserDatabase.swift in Sources */,
			);
			runOnlyForDeploymentPostprocessing = 0;
		};
/* End PBXSourcesBuildPhase section */

/* Begin XCBuildConfiguration section */
		528509981DC6F9470083CC55 /* Debug */ = {
			isa = XCBuildConfiguration;
			buildSettings = {
				ALWAYS_SEARCH_USER_PATHS = NO;
				CLANG_ANALYZER_NONNULL = YES;
				CLANG_CXX_LANGUAGE_STANDARD = "gnu++0x";
				CLANG_CXX_LIBRARY = "libc++";
				CLANG_ENABLE_MODULES = YES;
				CLANG_ENABLE_OBJC_ARC = YES;
				CLANG_WARN_BOOL_CONVERSION = YES;
				CLANG_WARN_CONSTANT_CONVERSION = YES;
				CLANG_WARN_DIRECT_OBJC_ISA_USAGE = YES_ERROR;
				CLANG_WARN_DOCUMENTATION_COMMENTS = YES;
				CLANG_WARN_EMPTY_BODY = YES;
				CLANG_WARN_ENUM_CONVERSION = YES;
				CLANG_WARN_INFINITE_RECURSION = YES;
				CLANG_WARN_INT_CONVERSION = YES;
				CLANG_WARN_OBJC_ROOT_CLASS = YES_ERROR;
				CLANG_WARN_SUSPICIOUS_MOVES = YES;
				CLANG_WARN_UNREACHABLE_CODE = YES;
				CLANG_WARN__DUPLICATE_METHOD_MATCH = YES;
				"CODE_SIGN_IDENTITY[sdk=iphoneos*]" = "iPhone Developer";
				COPY_PHASE_STRIP = NO;
				DEBUG_INFORMATION_FORMAT = dwarf;
				ENABLE_STRICT_OBJC_MSGSEND = YES;
				ENABLE_TESTABILITY = YES;
				GCC_C_LANGUAGE_STANDARD = gnu99;
				GCC_DYNAMIC_NO_PIC = NO;
				GCC_NO_COMMON_BLOCKS = YES;
				GCC_OPTIMIZATION_LEVEL = 0;
				GCC_PREPROCESSOR_DEFINITIONS = (
					"DEBUG=1",
					"$(inherited)",
				);
				GCC_WARN_64_TO_32_BIT_CONVERSION = YES;
				GCC_WARN_ABOUT_RETURN_TYPE = YES_ERROR;
				GCC_WARN_UNDECLARED_SELECTOR = YES;
				GCC_WARN_UNINITIALIZED_AUTOS = YES_AGGRESSIVE;
				GCC_WARN_UNUSED_FUNCTION = YES;
				GCC_WARN_UNUSED_VARIABLE = YES;
				IPHONEOS_DEPLOYMENT_TARGET = 10.1;
				MTL_ENABLE_DEBUG_INFO = YES;
				ONLY_ACTIVE_ARCH = YES;
				SDKROOT = iphoneos;
				SWIFT_ACTIVE_COMPILATION_CONDITIONS = DEBUG;
				SWIFT_OPTIMIZATION_LEVEL = "-Onone";
			};
			name = Debug;
		};
		528509991DC6F9470083CC55 /* Release */ = {
			isa = XCBuildConfiguration;
			buildSettings = {
				ALWAYS_SEARCH_USER_PATHS = NO;
				CLANG_ANALYZER_NONNULL = YES;
				CLANG_CXX_LANGUAGE_STANDARD = "gnu++0x";
				CLANG_CXX_LIBRARY = "libc++";
				CLANG_ENABLE_MODULES = YES;
				CLANG_ENABLE_OBJC_ARC = YES;
				CLANG_WARN_BOOL_CONVERSION = YES;
				CLANG_WARN_CONSTANT_CONVERSION = YES;
				CLANG_WARN_DIRECT_OBJC_ISA_USAGE = YES_ERROR;
				CLANG_WARN_DOCUMENTATION_COMMENTS = YES;
				CLANG_WARN_EMPTY_BODY = YES;
				CLANG_WARN_ENUM_CONVERSION = YES;
				CLANG_WARN_INFINITE_RECURSION = YES;
				CLANG_WARN_INT_CONVERSION = YES;
				CLANG_WARN_OBJC_ROOT_CLASS = YES_ERROR;
				CLANG_WARN_SUSPICIOUS_MOVES = YES;
				CLANG_WARN_UNREACHABLE_CODE = YES;
				CLANG_WARN__DUPLICATE_METHOD_MATCH = YES;
				"CODE_SIGN_IDENTITY[sdk=iphoneos*]" = "iPhone Developer";
				COPY_PHASE_STRIP = NO;
				DEBUG_INFORMATION_FORMAT = "dwarf-with-dsym";
				ENABLE_NS_ASSERTIONS = NO;
				ENABLE_STRICT_OBJC_MSGSEND = YES;
				GCC_C_LANGUAGE_STANDARD = gnu99;
				GCC_NO_COMMON_BLOCKS = YES;
				GCC_WARN_64_TO_32_BIT_CONVERSION = YES;
				GCC_WARN_ABOUT_RETURN_TYPE = YES_ERROR;
				GCC_WARN_UNDECLARED_SELECTOR = YES;
				GCC_WARN_UNINITIALIZED_AUTOS = YES_AGGRESSIVE;
				GCC_WARN_UNUSED_FUNCTION = YES;
				GCC_WARN_UNUSED_VARIABLE = YES;
				IPHONEOS_DEPLOYMENT_TARGET = 10.1;
				MTL_ENABLE_DEBUG_INFO = NO;
				SDKROOT = iphoneos;
				SWIFT_OPTIMIZATION_LEVEL = "-Owholemodule";
				VALIDATE_PRODUCT = YES;
			};
			name = Release;
		};
		5285099B1DC6F9470083CC55 /* Debug */ = {
			isa = XCBuildConfiguration;
			buildSettings = {
				ASSETCATALOG_COMPILER_APPICON_NAME = AppIcon;
				INFOPLIST_FILE = YourTake/Info.plist;
				LD_RUNPATH_SEARCH_PATHS = "$(inherited) @executable_path/Frameworks";
				PRODUCT_BUNDLE_IDENTIFIER = com.JAB.YourTake;
				PRODUCT_NAME = "$(TARGET_NAME)";
				SWIFT_VERSION = 3.0;
			};
			name = Debug;
		};
		5285099C1DC6F9470083CC55 /* Release */ = {
			isa = XCBuildConfiguration;
			buildSettings = {
				ASSETCATALOG_COMPILER_APPICON_NAME = AppIcon;
				INFOPLIST_FILE = YourTake/Info.plist;
				LD_RUNPATH_SEARCH_PATHS = "$(inherited) @executable_path/Frameworks";
				PRODUCT_BUNDLE_IDENTIFIER = com.JAB.YourTake;
				PRODUCT_NAME = "$(TARGET_NAME)";
				SWIFT_VERSION = 3.0;
			};
			name = Release;
		};
/* End XCBuildConfiguration section */

/* Begin XCConfigurationList section */
		528509831DC6F9470083CC55 /* Build configuration list for PBXProject "YourTake" */ = {
			isa = XCConfigurationList;
			buildConfigurations = (
				528509981DC6F9470083CC55 /* Debug */,
				528509991DC6F9470083CC55 /* Release */,
			);
			defaultConfigurationIsVisible = 0;
			defaultConfigurationName = Release;
		};
		5285099A1DC6F9470083CC55 /* Build configuration list for PBXNativeTarget "YourTake" */ = {
			isa = XCConfigurationList;
			buildConfigurations = (
				5285099B1DC6F9470083CC55 /* Debug */,
				5285099C1DC6F9470083CC55 /* Release */,
			);
			defaultConfigurationIsVisible = 0;
			defaultConfigurationName = Release;
		};
/* End XCConfigurationList section */
	};
	rootObject = 528509801DC6F9470083CC55 /* Project object */;
}
