// !$*UTF8*$!
{
	archiveVersion = 1;
	classes = {
	};
	objectVersion = 46;
	objects = {

/* Begin PBXBuildFile section */
		332283F01E05D5E4008647E4 /* BaasBoxChallenge.swift in Sources */ = {isa = PBXBuildFile; fileRef = 332283EC1E05D5E4008647E4 /* BaasBoxChallenge.swift */; };
		332283F11E05D5E4008647E4 /* BaasBoxClient.swift in Sources */ = {isa = PBXBuildFile; fileRef = 332283ED1E05D5E4008647E4 /* BaasBoxClient.swift */; };
		332283F21E05D5E4008647E4 /* BaasBoxTake.swift in Sources */ = {isa = PBXBuildFile; fileRef = 332283EE1E05D5E4008647E4 /* BaasBoxTake.swift */; };
		332283F31E05D5E4008647E4 /* BaClient.swift in Sources */ = {isa = PBXBuildFile; fileRef = 332283EF1E05D5E4008647E4 /* BaClient.swift */; };
		332283F91E072F12008647E4 /* LocalClient.swift in Sources */ = {isa = PBXBuildFile; fileRef = 332283F81E072F12008647E4 /* LocalClient.swift */; };
		33E3AA4D1E248EA600C5D05A /* Backend.swift in Sources */ = {isa = PBXBuildFile; fileRef = 33E3AA4C1E248EA600C5D05A /* Backend.swift */; };
		33E3AA8C1E2ACF6D00C5D05A /* BaasBoxUser.swift in Sources */ = {isa = PBXBuildFile; fileRef = 33E3AA8B1E2ACF6D00C5D05A /* BaasBoxUser.swift */; };
		520DA5F71DF0C64B00695756 /* SignUpViewController.xib in Resources */ = {isa = PBXBuildFile; fileRef = 520DA5F61DF0C64B00695756 /* SignUpViewController.xib */; };
		520DA5F91DF0CC3500695756 /* SignUpViewController.swift in Sources */ = {isa = PBXBuildFile; fileRef = 520DA5F81DF0CC3500695756 /* SignUpViewController.swift */; };
		521D7FCA1E172C9F00DA7DBB /* SettingsViewController.storyboard in Resources */ = {isa = PBXBuildFile; fileRef = 521D7FC91E172C9F00DA7DBB /* SettingsViewController.storyboard */; };
		521D7FCC1E17369D00DA7DBB /* SettingsViewController.swift in Sources */ = {isa = PBXBuildFile; fileRef = 521D7FCB1E17369D00DA7DBB /* SettingsViewController.swift */; };
		52299E2C1DE807ED00F04C86 /* BAAClient.m in Sources */ = {isa = PBXBuildFile; fileRef = 52299E1F1DE807ED00F04C86 /* BAAClient.m */; };
		52299E2D1DE807ED00F04C86 /* BAAFile.m in Sources */ = {isa = PBXBuildFile; fileRef = 52299E211DE807ED00F04C86 /* BAAFile.m */; };
		52299E2E1DE807ED00F04C86 /* BAAGlobals.m in Sources */ = {isa = PBXBuildFile; fileRef = 52299E231DE807ED00F04C86 /* BAAGlobals.m */; };
		52299E2F1DE807ED00F04C86 /* BAAMutableURLRequest.m in Sources */ = {isa = PBXBuildFile; fileRef = 52299E251DE807ED00F04C86 /* BAAMutableURLRequest.m */; };
		52299E301DE807ED00F04C86 /* BAAObject.m in Sources */ = {isa = PBXBuildFile; fileRef = 52299E271DE807ED00F04C86 /* BAAObject.m */; };
		52299E311DE807ED00F04C86 /* BaasBox.m in Sources */ = {isa = PBXBuildFile; fileRef = 52299E291DE807ED00F04C86 /* BaasBox.m */; };
		52299E321DE807ED00F04C86 /* BAAUser.m in Sources */ = {isa = PBXBuildFile; fileRef = 52299E2B1DE807ED00F04C86 /* BAAUser.m */; };
		523074A71DC704DE002EB030 /* Challenge.swift in Sources */ = {isa = PBXBuildFile; fileRef = 523074A61DC704DE002EB030 /* Challenge.swift */; };
		523074A91DC70C4F002EB030 /* User.swift in Sources */ = {isa = PBXBuildFile; fileRef = 523074A81DC70C4F002EB030 /* User.swift */; };
		523074B11DC71692002EB030 /* John_Challenge_Andrea.jpg in Resources */ = {isa = PBXBuildFile; fileRef = 523074AC1DC71692002EB030 /* John_Challenge_Andrea.jpg */; };
		523074B21DC71692002EB030 /* John_Challenge_Anthony.jpg in Resources */ = {isa = PBXBuildFile; fileRef = 523074AD1DC71692002EB030 /* John_Challenge_Anthony.jpg */; };
		523074B31DC71692002EB030 /* John_Challenge_Ashling.jpg in Resources */ = {isa = PBXBuildFile; fileRef = 523074AE1DC71692002EB030 /* John_Challenge_Ashling.jpg */; };
		523074B41DC71692002EB030 /* John_Challenge_Peter.jpg in Resources */ = {isa = PBXBuildFile; fileRef = 523074AF1DC71692002EB030 /* John_Challenge_Peter.jpg */; };
		523074B51DC71692002EB030 /* John_Challenge.jpg in Resources */ = {isa = PBXBuildFile; fileRef = 523074B01DC71692002EB030 /* John_Challenge.jpg */; };
		5244E87B1DCC20A5002627FC /* LoginViewController.swift in Sources */ = {isa = PBXBuildFile; fileRef = 5244E87A1DCC20A5002627FC /* LoginViewController.swift */; };
		5248BE0F1E58D85100538A50 /* KeychainConfiguration.swift in Sources */ = {isa = PBXBuildFile; fileRef = 5248BE0D1E58D85100538A50 /* KeychainConfiguration.swift */; };
		5248BE101E58D85100538A50 /* KeychainPasswordItem.swift in Sources */ = {isa = PBXBuildFile; fileRef = 5248BE0E1E58D85100538A50 /* KeychainPasswordItem.swift */; };
		5248BE141E6239EA00538A50 /* FriendViewController.swift in Sources */ = {isa = PBXBuildFile; fileRef = 5248BE131E6239EA00538A50 /* FriendViewController.swift */; };
		5248BE161E62822400538A50 /* FriendNameCell.swift in Sources */ = {isa = PBXBuildFile; fileRef = 5248BE151E62822400538A50 /* FriendNameCell.swift */; };
		524D1DED1DEA504000776A1D /* CameraOverlayView.xib in Resources */ = {isa = PBXBuildFile; fileRef = 524D1DEC1DEA504000776A1D /* CameraOverlayView.xib */; };
		524D1DEF1DEA7F2E00776A1D /* PhotoPreviewView.xib in Resources */ = {isa = PBXBuildFile; fileRef = 524D1DEE1DEA7F2E00776A1D /* PhotoPreviewView.xib */; };
		524D1DF11DEA7FED00776A1D /* PhotoPreviewViewController.swift in Sources */ = {isa = PBXBuildFile; fileRef = 524D1DF01DEA7FED00776A1D /* PhotoPreviewViewController.swift */; };
		525F84781DC86EA8006D2E2F /* ChallengeViewController.swift in Sources */ = {isa = PBXBuildFile; fileRef = 525F84771DC86EA8006D2E2F /* ChallengeViewController.swift */; };
		525F847A1DC86F05006D2E2F /* ChallengeViewController.xib in Resources */ = {isa = PBXBuildFile; fileRef = 525F84791DC86F05006D2E2F /* ChallengeViewController.xib */; };
		525F847C1DC9A6AE006D2E2F /* ChallengeCell.xib in Resources */ = {isa = PBXBuildFile; fileRef = 525F847B1DC9A6AE006D2E2F /* ChallengeCell.xib */; };
		525F847E1DC9A86A006D2E2F /* ChallengeCell.swift in Sources */ = {isa = PBXBuildFile; fileRef = 525F847D1DC9A86A006D2E2F /* ChallengeCell.swift */; };
		526AF0521DCFCE86003350B4 /* Ashling_Challenge_Andrea.jpg in Resources */ = {isa = PBXBuildFile; fileRef = 526AF04D1DCFCE86003350B4 /* Ashling_Challenge_Andrea.jpg */; };
		526AF0531DCFCE86003350B4 /* Ashling_Challenge_Anthony.jpg in Resources */ = {isa = PBXBuildFile; fileRef = 526AF04E1DCFCE86003350B4 /* Ashling_Challenge_Anthony.jpg */; };
		526AF0541DCFCE86003350B4 /* Ashling_Challenge_John.jpg in Resources */ = {isa = PBXBuildFile; fileRef = 526AF04F1DCFCE86003350B4 /* Ashling_Challenge_John.jpg */; };
		526AF0551DCFCE86003350B4 /* Ashling_Challenge_Peter.jpg in Resources */ = {isa = PBXBuildFile; fileRef = 526AF0501DCFCE86003350B4 /* Ashling_Challenge_Peter.jpg */; };
		526AF0561DCFCE86003350B4 /* Ashling_Challenge.jpg in Resources */ = {isa = PBXBuildFile; fileRef = 526AF0511DCFCE86003350B4 /* Ashling_Challenge.jpg */; };
		526AF0581DD2F334003350B4 /* DrawViewController.swift in Sources */ = {isa = PBXBuildFile; fileRef = 526AF0571DD2F334003350B4 /* DrawViewController.swift */; };
		526AF05A1DD2F53C003350B4 /* DrawViewController.xib in Resources */ = {isa = PBXBuildFile; fileRef = 526AF0591DD2F53C003350B4 /* DrawViewController.xib */; };
		526AF05C1DD2F9B0003350B4 /* DrawLinesView.swift in Sources */ = {isa = PBXBuildFile; fileRef = 526AF05B1DD2F9B0003350B4 /* DrawLinesView.swift */; };
		527FD5EA1E0739F90023D420 /* LaunchScreen.xib in Resources */ = {isa = PBXBuildFile; fileRef = 527FD5E91E0739F90023D420 /* LaunchScreen.xib */; };
		5285098C1DC6F9470083CC55 /* AppDelegate.swift in Sources */ = {isa = PBXBuildFile; fileRef = 5285098B1DC6F9470083CC55 /* AppDelegate.swift */; };
		528509931DC6F9470083CC55 /* Assets.xcassets in Resources */ = {isa = PBXBuildFile; fileRef = 528509921DC6F9470083CC55 /* Assets.xcassets */; };
		528527D71E46711900DD6434 /* EmptyChallengeCell.swift in Sources */ = {isa = PBXBuildFile; fileRef = 528527D31E46711900DD6434 /* EmptyChallengeCell.swift */; };
		528527D81E46711900DD6434 /* EmptyChallengeCell.xib in Resources */ = {isa = PBXBuildFile; fileRef = 528527D41E46711900DD6434 /* EmptyChallengeCell.xib */; };
		528527D91E46711900DD6434 /* FriendSelectionCell.swift in Sources */ = {isa = PBXBuildFile; fileRef = 528527D51E46711900DD6434 /* FriendSelectionCell.swift */; };
		528527DA1E46711900DD6434 /* FriendSelectionCell.xib in Resources */ = {isa = PBXBuildFile; fileRef = 528527D61E46711900DD6434 /* FriendSelectionCell.xib */; };
		52881F291DF91F0A0034A77A /* SwipelessNavigationController.swift in Sources */ = {isa = PBXBuildFile; fileRef = 52881F281DF91F0A0034A77A /* SwipelessNavigationController.swift */; };
		52881F2B1DF925B40034A77A /* ForgotPasswordViewController.xib in Resources */ = {isa = PBXBuildFile; fileRef = 52881F2A1DF925B40034A77A /* ForgotPasswordViewController.xib */; };
		52881F2D1DF929C50034A77A /* ForgotPasswordViewController.swift in Sources */ = {isa = PBXBuildFile; fileRef = 52881F2C1DF929C50034A77A /* ForgotPasswordViewController.swift */; };
		529DC7C71DCC705F00EFA856 /* Take.swift in Sources */ = {isa = PBXBuildFile; fileRef = 529DC7C61DCC705F00EFA856 /* Take.swift */; };
		529FB8381DE23AA800861826 /* ChallengeOptionsViewController.swift in Sources */ = {isa = PBXBuildFile; fileRef = 529FB8371DE23AA800861826 /* ChallengeOptionsViewController.swift */; };
		529FB83A1DE23B1400861826 /* FriendPickerCell.xib in Resources */ = {isa = PBXBuildFile; fileRef = 529FB8391DE23B1400861826 /* FriendPickerCell.xib */; };
		529FB83C1DE23C0300861826 /* FriendPickerCell.swift in Sources */ = {isa = PBXBuildFile; fileRef = 529FB83B1DE23C0300861826 /* FriendPickerCell.swift */; };
		529FB8401DE42A9700861826 /* ExpiryPickerCell.xib in Resources */ = {isa = PBXBuildFile; fileRef = 529FB83F1DE42A9700861826 /* ExpiryPickerCell.xib */; };
		529FB8421DE42B4000861826 /* ExpiryPickerCell.swift in Sources */ = {isa = PBXBuildFile; fileRef = 529FB8411DE42B4000861826 /* ExpiryPickerCell.swift */; };
		52A48D2A1DD90631005A89B8 /* DrawPathsView.swift in Sources */ = {isa = PBXBuildFile; fileRef = 52A48D291DD90631005A89B8 /* DrawPathsView.swift */; };
		52A48D2E1DDB6591005A89B8 /* BorderedButton.swift in Sources */ = {isa = PBXBuildFile; fileRef = 52A48D2D1DDB6591005A89B8 /* BorderedButton.swift */; };
		52A868811E63687100F26F31 /* FriendSelectionTracker.swift in Sources */ = {isa = PBXBuildFile; fileRef = 52A868801E63687100F26F31 /* FriendSelectionTracker.swift */; };
		52D9C1821DCC1D4A00F5C098 /* LoginViewController.xib in Resources */ = {isa = PBXBuildFile; fileRef = 52D9C1811DCC1D4A00F5C098 /* LoginViewController.xib */; };
		52DC0AC11DCA2B7200DA2BDC /* TakesCollectionViewController.swift in Sources */ = {isa = PBXBuildFile; fileRef = 52DC0AC01DCA2B7200DA2BDC /* TakesCollectionViewController.swift */; };
		52DC0AC31DCA301800DA2BDC /* TakeCell.xib in Resources */ = {isa = PBXBuildFile; fileRef = 52DC0AC21DCA301800DA2BDC /* TakeCell.xib */; };
		52DC0AC51DCA316D00DA2BDC /* TakeCell.swift in Sources */ = {isa = PBXBuildFile; fileRef = 52DC0AC41DCA316D00DA2BDC /* TakeCell.swift */; };
		52DC0AC71DCA3BEB00DA2BDC /* John_Challenge_2.jpg in Resources */ = {isa = PBXBuildFile; fileRef = 52DC0AC61DCA3BEB00DA2BDC /* John_Challenge_2.jpg */; };
/* End PBXBuildFile section */

/* Begin PBXFileReference section */
		332283EC1E05D5E4008647E4 /* BaasBoxChallenge.swift */ = {isa = PBXFileReference; fileEncoding = 4; lastKnownFileType = sourcecode.swift; lineEnding = 0; path = BaasBoxChallenge.swift; sourceTree = "<group>"; wrapsLines = 1; };
		332283ED1E05D5E4008647E4 /* BaasBoxClient.swift */ = {isa = PBXFileReference; fileEncoding = 4; lastKnownFileType = sourcecode.swift; lineEnding = 0; path = BaasBoxClient.swift; sourceTree = "<group>"; };
		332283EE1E05D5E4008647E4 /* BaasBoxTake.swift */ = {isa = PBXFileReference; fileEncoding = 4; lastKnownFileType = sourcecode.swift; lineEnding = 0; path = BaasBoxTake.swift; sourceTree = "<group>"; };
		332283EF1E05D5E4008647E4 /* BaClient.swift */ = {isa = PBXFileReference; fileEncoding = 4; lastKnownFileType = sourcecode.swift; lineEnding = 0; path = BaClient.swift; sourceTree = "<group>"; };
		332283F81E072F12008647E4 /* LocalClient.swift */ = {isa = PBXFileReference; fileEncoding = 4; lastKnownFileType = sourcecode.swift; lineEnding = 0; path = LocalClient.swift; sourceTree = "<group>"; };
		33E3AA4C1E248EA600C5D05A /* Backend.swift */ = {isa = PBXFileReference; fileEncoding = 4; lastKnownFileType = sourcecode.swift; name = Backend.swift; path = Models/Backend.swift; sourceTree = "<group>"; };
		33E3AA8B1E2ACF6D00C5D05A /* BaasBoxUser.swift */ = {isa = PBXFileReference; fileEncoding = 4; lastKnownFileType = sourcecode.swift; path = BaasBoxUser.swift; sourceTree = "<group>"; };
		520DA5F61DF0C64B00695756 /* SignUpViewController.xib */ = {isa = PBXFileReference; fileEncoding = 4; lastKnownFileType = file.xib; name = SignUpViewController.xib; path = "View Controllers/SignUpViewController.xib"; sourceTree = "<group>"; };
		520DA5F81DF0CC3500695756 /* SignUpViewController.swift */ = {isa = PBXFileReference; fileEncoding = 4; lastKnownFileType = sourcecode.swift; name = SignUpViewController.swift; path = "View Controllers/SignUpViewController.swift"; sourceTree = "<group>"; };
		521D7FC91E172C9F00DA7DBB /* SettingsViewController.storyboard */ = {isa = PBXFileReference; fileEncoding = 4; lastKnownFileType = file.storyboard; name = SettingsViewController.storyboard; path = "View Controllers/SettingsViewController.storyboard"; sourceTree = "<group>"; };
		521D7FCB1E17369D00DA7DBB /* SettingsViewController.swift */ = {isa = PBXFileReference; fileEncoding = 4; lastKnownFileType = sourcecode.swift; name = SettingsViewController.swift; path = "View Controllers/SettingsViewController.swift"; sourceTree = "<group>"; };
		52299E1D1DE807EC00F04C86 /* YourTake-Bridging-Header.h */ = {isa = PBXFileReference; lastKnownFileType = sourcecode.c.h; path = "YourTake-Bridging-Header.h"; sourceTree = "<group>"; };
		52299E1E1DE807ED00F04C86 /* BAAClient.h */ = {isa = PBXFileReference; fileEncoding = 4; lastKnownFileType = sourcecode.c.h; path = BAAClient.h; sourceTree = "<group>"; };
		52299E1F1DE807ED00F04C86 /* BAAClient.m */ = {isa = PBXFileReference; fileEncoding = 4; lastKnownFileType = sourcecode.c.objc; path = BAAClient.m; sourceTree = "<group>"; };
		52299E201DE807ED00F04C86 /* BAAFile.h */ = {isa = PBXFileReference; fileEncoding = 4; lastKnownFileType = sourcecode.c.h; path = BAAFile.h; sourceTree = "<group>"; };
		52299E211DE807ED00F04C86 /* BAAFile.m */ = {isa = PBXFileReference; fileEncoding = 4; lastKnownFileType = sourcecode.c.objc; path = BAAFile.m; sourceTree = "<group>"; };
		52299E221DE807ED00F04C86 /* BAAGlobals.h */ = {isa = PBXFileReference; fileEncoding = 4; lastKnownFileType = sourcecode.c.h; path = BAAGlobals.h; sourceTree = "<group>"; };
		52299E231DE807ED00F04C86 /* BAAGlobals.m */ = {isa = PBXFileReference; fileEncoding = 4; lastKnownFileType = sourcecode.c.objc; path = BAAGlobals.m; sourceTree = "<group>"; };
		52299E241DE807ED00F04C86 /* BAAMutableURLRequest.h */ = {isa = PBXFileReference; fileEncoding = 4; lastKnownFileType = sourcecode.c.h; path = BAAMutableURLRequest.h; sourceTree = "<group>"; };
		52299E251DE807ED00F04C86 /* BAAMutableURLRequest.m */ = {isa = PBXFileReference; fileEncoding = 4; lastKnownFileType = sourcecode.c.objc; path = BAAMutableURLRequest.m; sourceTree = "<group>"; };
		52299E261DE807ED00F04C86 /* BAAObject.h */ = {isa = PBXFileReference; fileEncoding = 4; lastKnownFileType = sourcecode.c.h; path = BAAObject.h; sourceTree = "<group>"; };
		52299E271DE807ED00F04C86 /* BAAObject.m */ = {isa = PBXFileReference; fileEncoding = 4; lastKnownFileType = sourcecode.c.objc; path = BAAObject.m; sourceTree = "<group>"; };
		52299E281DE807ED00F04C86 /* BaasBox.h */ = {isa = PBXFileReference; fileEncoding = 4; lastKnownFileType = sourcecode.c.h; path = BaasBox.h; sourceTree = "<group>"; };
		52299E291DE807ED00F04C86 /* BaasBox.m */ = {isa = PBXFileReference; fileEncoding = 4; lastKnownFileType = sourcecode.c.objc; path = BaasBox.m; sourceTree = "<group>"; };
		52299E2A1DE807ED00F04C86 /* BAAUser.h */ = {isa = PBXFileReference; fileEncoding = 4; lastKnownFileType = sourcecode.c.h; path = BAAUser.h; sourceTree = "<group>"; };
		52299E2B1DE807ED00F04C86 /* BAAUser.m */ = {isa = PBXFileReference; fileEncoding = 4; lastKnownFileType = sourcecode.c.objc; path = BAAUser.m; sourceTree = "<group>"; };
		523074A61DC704DE002EB030 /* Challenge.swift */ = {isa = PBXFileReference; fileEncoding = 4; lastKnownFileType = sourcecode.swift; name = Challenge.swift; path = Models/Challenge.swift; sourceTree = "<group>"; };
		523074A81DC70C4F002EB030 /* User.swift */ = {isa = PBXFileReference; fileEncoding = 4; lastKnownFileType = sourcecode.swift; name = User.swift; path = Models/User.swift; sourceTree = "<group>"; };
		523074AC1DC71692002EB030 /* John_Challenge_Andrea.jpg */ = {isa = PBXFileReference; lastKnownFileType = image.jpeg; path = John_Challenge_Andrea.jpg; sourceTree = "<group>"; };
		523074AD1DC71692002EB030 /* John_Challenge_Anthony.jpg */ = {isa = PBXFileReference; lastKnownFileType = image.jpeg; path = John_Challenge_Anthony.jpg; sourceTree = "<group>"; };
		523074AE1DC71692002EB030 /* John_Challenge_Ashling.jpg */ = {isa = PBXFileReference; lastKnownFileType = image.jpeg; path = John_Challenge_Ashling.jpg; sourceTree = "<group>"; };
		523074AF1DC71692002EB030 /* John_Challenge_Peter.jpg */ = {isa = PBXFileReference; lastKnownFileType = image.jpeg; path = John_Challenge_Peter.jpg; sourceTree = "<group>"; };
		523074B01DC71692002EB030 /* John_Challenge.jpg */ = {isa = PBXFileReference; lastKnownFileType = image.jpeg; path = John_Challenge.jpg; sourceTree = "<group>"; };
		5244E87A1DCC20A5002627FC /* LoginViewController.swift */ = {isa = PBXFileReference; fileEncoding = 4; lastKnownFileType = sourcecode.swift; name = LoginViewController.swift; path = "View Controllers/LoginViewController.swift"; sourceTree = "<group>"; };
		5248BE0D1E58D85100538A50 /* KeychainConfiguration.swift */ = {isa = PBXFileReference; fileEncoding = 4; lastKnownFileType = sourcecode.swift; name = KeychainConfiguration.swift; path = Security/KeychainConfiguration.swift; sourceTree = "<group>"; };
		5248BE0E1E58D85100538A50 /* KeychainPasswordItem.swift */ = {isa = PBXFileReference; fileEncoding = 4; lastKnownFileType = sourcecode.swift; name = KeychainPasswordItem.swift; path = Security/KeychainPasswordItem.swift; sourceTree = "<group>"; };
		5248BE131E6239EA00538A50 /* FriendViewController.swift */ = {isa = PBXFileReference; fileEncoding = 4; lastKnownFileType = sourcecode.swift; name = FriendViewController.swift; path = "View Controllers/FriendViewController.swift"; sourceTree = "<group>"; };
		5248BE151E62822400538A50 /* FriendNameCell.swift */ = {isa = PBXFileReference; fileEncoding = 4; lastKnownFileType = sourcecode.swift; name = FriendNameCell.swift; path = Views/FriendNameCell.swift; sourceTree = "<group>"; };
		524D1DEC1DEA504000776A1D /* CameraOverlayView.xib */ = {isa = PBXFileReference; fileEncoding = 4; lastKnownFileType = file.xib; name = CameraOverlayView.xib; path = Views/CameraOverlayView.xib; sourceTree = "<group>"; };
		524D1DEE1DEA7F2E00776A1D /* PhotoPreviewView.xib */ = {isa = PBXFileReference; fileEncoding = 4; lastKnownFileType = file.xib; name = PhotoPreviewView.xib; path = Views/PhotoPreviewView.xib; sourceTree = "<group>"; };
		524D1DF01DEA7FED00776A1D /* PhotoPreviewViewController.swift */ = {isa = PBXFileReference; fileEncoding = 4; lastKnownFileType = sourcecode.swift; name = PhotoPreviewViewController.swift; path = "View Controllers/PhotoPreviewViewController.swift"; sourceTree = "<group>"; };
		525F84771DC86EA8006D2E2F /* ChallengeViewController.swift */ = {isa = PBXFileReference; fileEncoding = 4; lastKnownFileType = sourcecode.swift; name = ChallengeViewController.swift; path = "View Controllers/ChallengeViewController.swift"; sourceTree = "<group>"; };
		525F84791DC86F05006D2E2F /* ChallengeViewController.xib */ = {isa = PBXFileReference; fileEncoding = 4; lastKnownFileType = file.xib; name = ChallengeViewController.xib; path = "View Controllers/ChallengeViewController.xib"; sourceTree = "<group>"; };
		525F847B1DC9A6AE006D2E2F /* ChallengeCell.xib */ = {isa = PBXFileReference; fileEncoding = 4; lastKnownFileType = file.xib; name = ChallengeCell.xib; path = Views/ChallengeCell.xib; sourceTree = "<group>"; };
		525F847D1DC9A86A006D2E2F /* ChallengeCell.swift */ = {isa = PBXFileReference; fileEncoding = 4; lastKnownFileType = sourcecode.swift; name = ChallengeCell.swift; path = Views/ChallengeCell.swift; sourceTree = "<group>"; };
		526AF04D1DCFCE86003350B4 /* Ashling_Challenge_Andrea.jpg */ = {isa = PBXFileReference; lastKnownFileType = image.jpeg; path = Ashling_Challenge_Andrea.jpg; sourceTree = "<group>"; };
		526AF04E1DCFCE86003350B4 /* Ashling_Challenge_Anthony.jpg */ = {isa = PBXFileReference; lastKnownFileType = image.jpeg; path = Ashling_Challenge_Anthony.jpg; sourceTree = "<group>"; };
		526AF04F1DCFCE86003350B4 /* Ashling_Challenge_John.jpg */ = {isa = PBXFileReference; lastKnownFileType = image.jpeg; path = Ashling_Challenge_John.jpg; sourceTree = "<group>"; };
		526AF0501DCFCE86003350B4 /* Ashling_Challenge_Peter.jpg */ = {isa = PBXFileReference; lastKnownFileType = image.jpeg; path = Ashling_Challenge_Peter.jpg; sourceTree = "<group>"; };
		526AF0511DCFCE86003350B4 /* Ashling_Challenge.jpg */ = {isa = PBXFileReference; lastKnownFileType = image.jpeg; path = Ashling_Challenge.jpg; sourceTree = "<group>"; };
		526AF0571DD2F334003350B4 /* DrawViewController.swift */ = {isa = PBXFileReference; fileEncoding = 4; lastKnownFileType = sourcecode.swift; name = DrawViewController.swift; path = "View Controllers/DrawViewController.swift"; sourceTree = "<group>"; };
		526AF0591DD2F53C003350B4 /* DrawViewController.xib */ = {isa = PBXFileReference; fileEncoding = 4; lastKnownFileType = file.xib; name = DrawViewController.xib; path = "View Controllers/DrawViewController.xib"; sourceTree = "<group>"; };
		526AF05B1DD2F9B0003350B4 /* DrawLinesView.swift */ = {isa = PBXFileReference; fileEncoding = 4; lastKnownFileType = sourcecode.swift; name = DrawLinesView.swift; path = Views/DrawLinesView.swift; sourceTree = "<group>"; };
		527FD5E91E0739F90023D420 /* LaunchScreen.xib */ = {isa = PBXFileReference; fileEncoding = 4; lastKnownFileType = file.xib; name = LaunchScreen.xib; path = Views/LaunchScreen.xib; sourceTree = "<group>"; };
		528509881DC6F9470083CC55 /* YourTake.app */ = {isa = PBXFileReference; explicitFileType = wrapper.application; includeInIndex = 0; path = YourTake.app; sourceTree = BUILT_PRODUCTS_DIR; };
		5285098B1DC6F9470083CC55 /* AppDelegate.swift */ = {isa = PBXFileReference; lastKnownFileType = sourcecode.swift; name = AppDelegate.swift; path = Main/AppDelegate.swift; sourceTree = "<group>"; };
		528509921DC6F9470083CC55 /* Assets.xcassets */ = {isa = PBXFileReference; lastKnownFileType = folder.assetcatalog; path = Assets.xcassets; sourceTree = "<group>"; };
		528509971DC6F9470083CC55 /* Info.plist */ = {isa = PBXFileReference; lastKnownFileType = text.plist.xml; path = Info.plist; sourceTree = "<group>"; };
		528527D31E46711900DD6434 /* EmptyChallengeCell.swift */ = {isa = PBXFileReference; fileEncoding = 4; lastKnownFileType = sourcecode.swift; name = EmptyChallengeCell.swift; path = Views/EmptyChallengeCell.swift; sourceTree = "<group>"; };
		528527D41E46711900DD6434 /* EmptyChallengeCell.xib */ = {isa = PBXFileReference; fileEncoding = 4; lastKnownFileType = file.xib; name = EmptyChallengeCell.xib; path = Views/EmptyChallengeCell.xib; sourceTree = "<group>"; };
		528527D51E46711900DD6434 /* FriendSelectionCell.swift */ = {isa = PBXFileReference; fileEncoding = 4; lastKnownFileType = sourcecode.swift; name = FriendSelectionCell.swift; path = Views/FriendSelectionCell.swift; sourceTree = "<group>"; };
		528527D61E46711900DD6434 /* FriendSelectionCell.xib */ = {isa = PBXFileReference; fileEncoding = 4; lastKnownFileType = file.xib; name = FriendSelectionCell.xib; path = Views/FriendSelectionCell.xib; sourceTree = "<group>"; };
		52881F281DF91F0A0034A77A /* SwipelessNavigationController.swift */ = {isa = PBXFileReference; fileEncoding = 4; lastKnownFileType = sourcecode.swift; name = SwipelessNavigationController.swift; path = "View Controllers/SwipelessNavigationController.swift"; sourceTree = "<group>"; };
		52881F2A1DF925B40034A77A /* ForgotPasswordViewController.xib */ = {isa = PBXFileReference; fileEncoding = 4; lastKnownFileType = file.xib; name = ForgotPasswordViewController.xib; path = "View Controllers/ForgotPasswordViewController.xib"; sourceTree = "<group>"; };
		52881F2C1DF929C50034A77A /* ForgotPasswordViewController.swift */ = {isa = PBXFileReference; fileEncoding = 4; lastKnownFileType = sourcecode.swift; name = ForgotPasswordViewController.swift; path = "View Controllers/ForgotPasswordViewController.swift"; sourceTree = "<group>"; };
		529DC7C61DCC705F00EFA856 /* Take.swift */ = {isa = PBXFileReference; fileEncoding = 4; lastKnownFileType = sourcecode.swift; name = Take.swift; path = Models/Take.swift; sourceTree = "<group>"; };
		529FB8371DE23AA800861826 /* ChallengeOptionsViewController.swift */ = {isa = PBXFileReference; fileEncoding = 4; lastKnownFileType = sourcecode.swift; name = ChallengeOptionsViewController.swift; path = "View Controllers/ChallengeOptionsViewController.swift"; sourceTree = "<group>"; };
		529FB8391DE23B1400861826 /* FriendPickerCell.xib */ = {isa = PBXFileReference; fileEncoding = 4; lastKnownFileType = file.xib; name = FriendPickerCell.xib; path = Views/FriendPickerCell.xib; sourceTree = "<group>"; };
		529FB83B1DE23C0300861826 /* FriendPickerCell.swift */ = {isa = PBXFileReference; fileEncoding = 4; lastKnownFileType = sourcecode.swift; name = FriendPickerCell.swift; path = Views/FriendPickerCell.swift; sourceTree = "<group>"; };
		529FB83F1DE42A9700861826 /* ExpiryPickerCell.xib */ = {isa = PBXFileReference; fileEncoding = 4; lastKnownFileType = file.xib; name = ExpiryPickerCell.xib; path = Views/ExpiryPickerCell.xib; sourceTree = "<group>"; };
		529FB8411DE42B4000861826 /* ExpiryPickerCell.swift */ = {isa = PBXFileReference; fileEncoding = 4; lastKnownFileType = sourcecode.swift; name = ExpiryPickerCell.swift; path = Views/ExpiryPickerCell.swift; sourceTree = "<group>"; };
		52A48D291DD90631005A89B8 /* DrawPathsView.swift */ = {isa = PBXFileReference; fileEncoding = 4; lastKnownFileType = sourcecode.swift; name = DrawPathsView.swift; path = Views/DrawPathsView.swift; sourceTree = "<group>"; };
		52A48D2D1DDB6591005A89B8 /* BorderedButton.swift */ = {isa = PBXFileReference; fileEncoding = 4; lastKnownFileType = sourcecode.swift; name = BorderedButton.swift; path = Views/BorderedButton.swift; sourceTree = "<group>"; };
		52A868801E63687100F26F31 /* FriendSelectionTracker.swift */ = {isa = PBXFileReference; fileEncoding = 4; lastKnownFileType = sourcecode.swift; name = FriendSelectionTracker.swift; path = Models/FriendSelectionTracker.swift; sourceTree = "<group>"; };
		52D9C1811DCC1D4A00F5C098 /* LoginViewController.xib */ = {isa = PBXFileReference; fileEncoding = 4; lastKnownFileType = file.xib; name = LoginViewController.xib; path = Views/LoginViewController.xib; sourceTree = "<group>"; };
		52DC0AC01DCA2B7200DA2BDC /* TakesCollectionViewController.swift */ = {isa = PBXFileReference; fileEncoding = 4; lastKnownFileType = sourcecode.swift; name = TakesCollectionViewController.swift; path = "View Controllers/TakesCollectionViewController.swift"; sourceTree = "<group>"; };
		52DC0AC21DCA301800DA2BDC /* TakeCell.xib */ = {isa = PBXFileReference; fileEncoding = 4; lastKnownFileType = file.xib; name = TakeCell.xib; path = Views/TakeCell.xib; sourceTree = "<group>"; };
		52DC0AC41DCA316D00DA2BDC /* TakeCell.swift */ = {isa = PBXFileReference; fileEncoding = 4; lastKnownFileType = sourcecode.swift; name = TakeCell.swift; path = Views/TakeCell.swift; sourceTree = "<group>"; };
		52DC0AC61DCA3BEB00DA2BDC /* John_Challenge_2.jpg */ = {isa = PBXFileReference; lastKnownFileType = image.jpeg; path = John_Challenge_2.jpg; sourceTree = "<group>"; };
/* End PBXFileReference section */

/* Begin PBXFrameworksBuildPhase section */
		528509851DC6F9470083CC55 /* Frameworks */ = {
			isa = PBXFrameworksBuildPhase;
			buildActionMask = 2147483647;
			files = (
			);
			runOnlyForDeploymentPostprocessing = 0;
		};
/* End PBXFrameworksBuildPhase section */

/* Begin PBXGroup section */
		332283EA1E05D5E4008647E4 /* Stores */ = {
			isa = PBXGroup;
			children = (
				332283F41E072D76008647E4 /* Local */,
				332283EB1E05D5E4008647E4 /* BaasBox */,
				332283EF1E05D5E4008647E4 /* BaClient.swift */,
			);
			path = Stores;
			sourceTree = "<group>";
		};
		332283EB1E05D5E4008647E4 /* BaasBox */ = {
			isa = PBXGroup;
			children = (
				332283ED1E05D5E4008647E4 /* BaasBoxClient.swift */,
				332283EC1E05D5E4008647E4 /* BaasBoxChallenge.swift */,
				332283EE1E05D5E4008647E4 /* BaasBoxTake.swift */,
				33E3AA8B1E2ACF6D00C5D05A /* BaasBoxUser.swift */,
			);
			path = BaasBox;
			sourceTree = "<group>";
		};
		332283F41E072D76008647E4 /* Local */ = {
			isa = PBXGroup;
			children = (
				332283F81E072F12008647E4 /* LocalClient.swift */,
			);
			path = Local;
			sourceTree = "<group>";
		};
		52299E1C1DE807CD00F04C86 /* BaasBox-iOS-SDK */ = {
			isa = PBXGroup;
			children = (
				52299E1E1DE807ED00F04C86 /* BAAClient.h */,
				52299E1F1DE807ED00F04C86 /* BAAClient.m */,
				52299E201DE807ED00F04C86 /* BAAFile.h */,
				52299E211DE807ED00F04C86 /* BAAFile.m */,
				52299E221DE807ED00F04C86 /* BAAGlobals.h */,
				52299E231DE807ED00F04C86 /* BAAGlobals.m */,
				52299E241DE807ED00F04C86 /* BAAMutableURLRequest.h */,
				52299E251DE807ED00F04C86 /* BAAMutableURLRequest.m */,
				52299E261DE807ED00F04C86 /* BAAObject.h */,
				52299E271DE807ED00F04C86 /* BAAObject.m */,
				52299E281DE807ED00F04C86 /* BaasBox.h */,
				52299E291DE807ED00F04C86 /* BaasBox.m */,
				52299E2A1DE807ED00F04C86 /* BAAUser.h */,
				52299E2B1DE807ED00F04C86 /* BAAUser.m */,
			);
			path = "BaasBox-iOS-SDK";
			sourceTree = "<group>";
		};
		5248BE031E56CD9800538A50 /* Security */ = {
			isa = PBXGroup;
			children = (
				5248BE0D1E58D85100538A50 /* KeychainConfiguration.swift */,
				5248BE0E1E58D85100538A50 /* KeychainPasswordItem.swift */,
			);
			name = Security;
			sourceTree = "<group>";
		};
		5285097F1DC6F9470083CC55 = {
			isa = PBXGroup;
			children = (
				5285098A1DC6F9470083CC55 /* YourTake */,
				528509891DC6F9470083CC55 /* Products */,
			);
			sourceTree = "<group>";
			wrapsLines = 1;
		};
		528509891DC6F9470083CC55 /* Products */ = {
			isa = PBXGroup;
			children = (
				528509881DC6F9470083CC55 /* YourTake.app */,
			);
			name = Products;
			sourceTree = "<group>";
		};
		5285098A1DC6F9470083CC55 /* YourTake */ = {
			isa = PBXGroup;
			children = (
				5248BE031E56CD9800538A50 /* Security */,
				52299E1D1DE807EC00F04C86 /* YourTake-Bridging-Header.h */,
				528509971DC6F9470083CC55 /* Info.plist */,
				5285099D1DC6F98A0083CC55 /* Main */,
				332283EA1E05D5E4008647E4 /* Stores */,
				5285099E1DC6F9940083CC55 /* Models */,
				528509A01DC6F9A30083CC55 /* View Controllers */,
				5285099F1DC6F99B0083CC55 /* Views */,
				528509A11DC6F9B40083CC55 /* Supporting Files */,
				52299E1C1DE807CD00F04C86 /* BaasBox-iOS-SDK */,
			);
			path = YourTake;
			sourceTree = "<group>";
		};
		5285099D1DC6F98A0083CC55 /* Main */ = {
			isa = PBXGroup;
			children = (
				5285098B1DC6F9470083CC55 /* AppDelegate.swift */,
			);
			name = Main;
			sourceTree = "<group>";
		};
		5285099E1DC6F9940083CC55 /* Models */ = {
			isa = PBXGroup;
			children = (
				523074A61DC704DE002EB030 /* Challenge.swift */,
				523074A81DC70C4F002EB030 /* User.swift */,
				529DC7C61DCC705F00EFA856 /* Take.swift */,
				33E3AA4C1E248EA600C5D05A /* Backend.swift */,
				52A868801E63687100F26F31 /* FriendSelectionTracker.swift */,
			);
			name = Models;
			sourceTree = "<group>";
		};
		5285099F1DC6F99B0083CC55 /* Views */ = {
			isa = PBXGroup;
			children = (
				528527D31E46711900DD6434 /* EmptyChallengeCell.swift */,
				528527D41E46711900DD6434 /* EmptyChallengeCell.xib */,
				528527D51E46711900DD6434 /* FriendSelectionCell.swift */,
				528527D61E46711900DD6434 /* FriendSelectionCell.xib */,
				529FB8411DE42B4000861826 /* ExpiryPickerCell.swift */,
				529FB83F1DE42A9700861826 /* ExpiryPickerCell.xib */,
				525F847D1DC9A86A006D2E2F /* ChallengeCell.swift */,
				525F847B1DC9A6AE006D2E2F /* ChallengeCell.xib */,
				52DC0AC21DCA301800DA2BDC /* TakeCell.xib */,
				52DC0AC41DCA316D00DA2BDC /* TakeCell.swift */,
				526AF05B1DD2F9B0003350B4 /* DrawLinesView.swift */,
				52A48D291DD90631005A89B8 /* DrawPathsView.swift */,
				52A48D2D1DDB6591005A89B8 /* BorderedButton.swift */,
				529FB8391DE23B1400861826 /* FriendPickerCell.xib */,
				529FB83B1DE23C0300861826 /* FriendPickerCell.swift */,
				524D1DEC1DEA504000776A1D /* CameraOverlayView.xib */,
				524D1DEE1DEA7F2E00776A1D /* PhotoPreviewView.xib */,
				527FD5E91E0739F90023D420 /* LaunchScreen.xib */,
				5248BE151E62822400538A50 /* FriendNameCell.swift */,
			);
			name = Views;
			sourceTree = "<group>";
		};
		528509A01DC6F9A30083CC55 /* View Controllers */ = {
			isa = PBXGroup;
			children = (
				52D9C1811DCC1D4A00F5C098 /* LoginViewController.xib */,
				5244E87A1DCC20A5002627FC /* LoginViewController.swift */,
				520DA5F61DF0C64B00695756 /* SignUpViewController.xib */,
				520DA5F81DF0CC3500695756 /* SignUpViewController.swift */,
				52881F2A1DF925B40034A77A /* ForgotPasswordViewController.xib */,
				52881F2C1DF929C50034A77A /* ForgotPasswordViewController.swift */,
				525F84791DC86F05006D2E2F /* ChallengeViewController.xib */,
				525F84771DC86EA8006D2E2F /* ChallengeViewController.swift */,
				52DC0AC01DCA2B7200DA2BDC /* TakesCollectionViewController.swift */,
				526AF0571DD2F334003350B4 /* DrawViewController.swift */,
				526AF0591DD2F53C003350B4 /* DrawViewController.xib */,
				529FB8371DE23AA800861826 /* ChallengeOptionsViewController.swift */,
				524D1DF01DEA7FED00776A1D /* PhotoPreviewViewController.swift */,
				52881F281DF91F0A0034A77A /* SwipelessNavigationController.swift */,
				521D7FC91E172C9F00DA7DBB /* SettingsViewController.storyboard */,
				521D7FCB1E17369D00DA7DBB /* SettingsViewController.swift */,
				5248BE131E6239EA00538A50 /* FriendViewController.swift */,
			);
			name = "View Controllers";
			sourceTree = "<group>";
		};
		528509A11DC6F9B40083CC55 /* Supporting Files */ = {
			isa = PBXGroup;
			children = (
				526AF04D1DCFCE86003350B4 /* Ashling_Challenge_Andrea.jpg */,
				526AF04E1DCFCE86003350B4 /* Ashling_Challenge_Anthony.jpg */,
				526AF04F1DCFCE86003350B4 /* Ashling_Challenge_John.jpg */,
				526AF0501DCFCE86003350B4 /* Ashling_Challenge_Peter.jpg */,
				526AF0511DCFCE86003350B4 /* Ashling_Challenge.jpg */,
				52DC0AC61DCA3BEB00DA2BDC /* John_Challenge_2.jpg */,
				523074AC1DC71692002EB030 /* John_Challenge_Andrea.jpg */,
				523074AD1DC71692002EB030 /* John_Challenge_Anthony.jpg */,
				523074AE1DC71692002EB030 /* John_Challenge_Ashling.jpg */,
				523074AF1DC71692002EB030 /* John_Challenge_Peter.jpg */,
				523074B01DC71692002EB030 /* John_Challenge.jpg */,
				528509921DC6F9470083CC55 /* Assets.xcassets */,
			);
			path = "Supporting Files";
			sourceTree = "<group>";
		};
/* End PBXGroup section */

/* Begin PBXNativeTarget section */
		528509871DC6F9470083CC55 /* YourTake */ = {
			isa = PBXNativeTarget;
			buildConfigurationList = 5285099A1DC6F9470083CC55 /* Build configuration list for PBXNativeTarget "YourTake" */;
			buildPhases = (
				528509841DC6F9470083CC55 /* Sources */,
				528509851DC6F9470083CC55 /* Frameworks */,
				528509861DC6F9470083CC55 /* Resources */,
			);
			buildRules = (
			);
			dependencies = (
			);
			name = YourTake;
			productName = YourTake;
			productReference = 528509881DC6F9470083CC55 /* YourTake.app */;
			productType = "com.apple.product-type.application";
		};
/* End PBXNativeTarget section */

/* Begin PBXProject section */
		528509801DC6F9470083CC55 /* Project object */ = {
			isa = PBXProject;
			attributes = {
				LastSwiftUpdateCheck = 0810;
				LastUpgradeCheck = 0820;
				ORGANIZATIONNAME = "Enovi Inc.";
				TargetAttributes = {
					528509871DC6F9470083CC55 = {
						CreatedOnToolsVersion = 8.1;
						DevelopmentTeam = 4U72CXANPR;
						LastSwiftMigration = 0810;
						ProvisioningStyle = Automatic;
					};
				};
			};
			buildConfigurationList = 528509831DC6F9470083CC55 /* Build configuration list for PBXProject "YourTake" */;
			compatibilityVersion = "Xcode 3.2";
			developmentRegion = English;
			hasScannedForEncodings = 0;
			knownRegions = (
				en,
				Base,
			);
			mainGroup = 5285097F1DC6F9470083CC55;
			productRefGroup = 528509891DC6F9470083CC55 /* Products */;
			projectDirPath = "";
			projectRoot = "";
			targets = (
				528509871DC6F9470083CC55 /* YourTake */,
			);
		};
/* End PBXProject section */

/* Begin PBXResourcesBuildPhase section */
		528509861DC6F9470083CC55 /* Resources */ = {
			isa = PBXResourcesBuildPhase;
			buildActionMask = 2147483647;
			files = (
				524D1DED1DEA504000776A1D /* CameraOverlayView.xib in Resources */,
				523074B21DC71692002EB030 /* John_Challenge_Anthony.jpg in Resources */,
				52DC0AC71DCA3BEB00DA2BDC /* John_Challenge_2.jpg in Resources */,
				52D9C1821DCC1D4A00F5C098 /* LoginViewController.xib in Resources */,
				527FD5EA1E0739F90023D420 /* LaunchScreen.xib in Resources */,
				526AF0531DCFCE86003350B4 /* Ashling_Challenge_Anthony.jpg in Resources */,
				528509931DC6F9470083CC55 /* Assets.xcassets in Resources */,
				528527D81E46711900DD6434 /* EmptyChallengeCell.xib in Resources */,
				524D1DEF1DEA7F2E00776A1D /* PhotoPreviewView.xib in Resources */,
				526AF05A1DD2F53C003350B4 /* DrawViewController.xib in Resources */,
				52881F2B1DF925B40034A77A /* ForgotPasswordViewController.xib in Resources */,
				525F847A1DC86F05006D2E2F /* ChallengeViewController.xib in Resources */,
				526AF0521DCFCE86003350B4 /* Ashling_Challenge_Andrea.jpg in Resources */,
				521D7FCA1E172C9F00DA7DBB /* SettingsViewController.storyboard in Resources */,
				526AF0541DCFCE86003350B4 /* Ashling_Challenge_John.jpg in Resources */,
				529FB8401DE42A9700861826 /* ExpiryPickerCell.xib in Resources */,
				526AF0551DCFCE86003350B4 /* Ashling_Challenge_Peter.jpg in Resources */,
				523074B51DC71692002EB030 /* John_Challenge.jpg in Resources */,
				52DC0AC31DCA301800DA2BDC /* TakeCell.xib in Resources */,
				523074B41DC71692002EB030 /* John_Challenge_Peter.jpg in Resources */,
				520DA5F71DF0C64B00695756 /* SignUpViewController.xib in Resources */,
				529FB83A1DE23B1400861826 /* FriendPickerCell.xib in Resources */,
				526AF0561DCFCE86003350B4 /* Ashling_Challenge.jpg in Resources */,
				528527DA1E46711900DD6434 /* FriendSelectionCell.xib in Resources */,
				525F847C1DC9A6AE006D2E2F /* ChallengeCell.xib in Resources */,
				523074B11DC71692002EB030 /* John_Challenge_Andrea.jpg in Resources */,
				523074B31DC71692002EB030 /* John_Challenge_Ashling.jpg in Resources */,
			);
			runOnlyForDeploymentPostprocessing = 0;
		};
/* End PBXResourcesBuildPhase section */

/* Begin PBXSourcesBuildPhase section */
		528509841DC6F9470083CC55 /* Sources */ = {
			isa = PBXSourcesBuildPhase;
			buildActionMask = 2147483647;
			files = (
				5248BE161E62822400538A50 /* FriendNameCell.swift in Sources */,
				524D1DF11DEA7FED00776A1D /* PhotoPreviewViewController.swift in Sources */,
				526AF0581DD2F334003350B4 /* DrawViewController.swift in Sources */,
				52299E2C1DE807ED00F04C86 /* BAAClient.m in Sources */,
				332283F91E072F12008647E4 /* LocalClient.swift in Sources */,
				5244E87B1DCC20A5002627FC /* LoginViewController.swift in Sources */,
				52DC0AC11DCA2B7200DA2BDC /* TakesCollectionViewController.swift in Sources */,
				523074A91DC70C4F002EB030 /* User.swift in Sources */,
				525F847E1DC9A86A006D2E2F /* ChallengeCell.swift in Sources */,
				521D7FCC1E17369D00DA7DBB /* SettingsViewController.swift in Sources */,
				52A48D2E1DDB6591005A89B8 /* BorderedButton.swift in Sources */,
				529FB8421DE42B4000861826 /* ExpiryPickerCell.swift in Sources */,
				525F84781DC86EA8006D2E2F /* ChallengeViewController.swift in Sources */,
				52299E2E1DE807ED00F04C86 /* BAAGlobals.m in Sources */,
				33E3AA8C1E2ACF6D00C5D05A /* BaasBoxUser.swift in Sources */,
				52A868811E63687100F26F31 /* FriendSelectionTracker.swift in Sources */,
				332283F11E05D5E4008647E4 /* BaasBoxClient.swift in Sources */,
				528527D71E46711900DD6434 /* EmptyChallengeCell.swift in Sources */,
				529DC7C71DCC705F00EFA856 /* Take.swift in Sources */,
				523074A71DC704DE002EB030 /* Challenge.swift in Sources */,
				526AF05C1DD2F9B0003350B4 /* DrawLinesView.swift in Sources */,
				52A48D2A1DD90631005A89B8 /* DrawPathsView.swift in Sources */,
				520DA5F91DF0CC3500695756 /* SignUpViewController.swift in Sources */,
				52881F291DF91F0A0034A77A /* SwipelessNavigationController.swift in Sources */,
				5248BE141E6239EA00538A50 /* FriendViewController.swift in Sources */,
				33E3AA4D1E248EA600C5D05A /* Backend.swift in Sources */,
				52881F2D1DF929C50034A77A /* ForgotPasswordViewController.swift in Sources */,
				52299E2F1DE807ED00F04C86 /* BAAMutableURLRequest.m in Sources */,
				332283F21E05D5E4008647E4 /* BaasBoxTake.swift in Sources */,
				332283F01E05D5E4008647E4 /* BaasBoxChallenge.swift in Sources */,
				529FB8381DE23AA800861826 /* ChallengeOptionsViewController.swift in Sources */,
				52299E321DE807ED00F04C86 /* BAAUser.m in Sources */,
				5248BE0F1E58D85100538A50 /* KeychainConfiguration.swift in Sources */,
				52299E301DE807ED00F04C86 /* BAAObject.m in Sources */,
				5285098C1DC6F9470083CC55 /* AppDelegate.swift in Sources */,
				52299E2D1DE807ED00F04C86 /* BAAFile.m in Sources */,
				52DC0AC51DCA316D00DA2BDC /* TakeCell.swift in Sources */,
				5248BE101E58D85100538A50 /* KeychainPasswordItem.swift in Sources */,
				529FB83C1DE23C0300861826 /* FriendPickerCell.swift in Sources */,
				52299E311DE807ED00F04C86 /* BaasBox.m in Sources */,
				528527D91E46711900DD6434 /* FriendSelectionCell.swift in Sources */,
				332283F31E05D5E4008647E4 /* BaClient.swift in Sources */,
			);
			runOnlyForDeploymentPostprocessing = 0;
		};
/* End PBXSourcesBuildPhase section */

/* Begin XCBuildConfiguration section */
		528509981DC6F9470083CC55 /* Debug */ = {
			isa = XCBuildConfiguration;
			buildSettings = {
				ALWAYS_SEARCH_USER_PATHS = NO;
				CLANG_ANALYZER_NONNULL = YES;
				CLANG_CXX_LANGUAGE_STANDARD = "gnu++0x";
				CLANG_CXX_LIBRARY = "libc++";
				CLANG_ENABLE_MODULES = YES;
				CLANG_ENABLE_OBJC_ARC = YES;
				CLANG_WARN_BOOL_CONVERSION = YES;
				CLANG_WARN_CONSTANT_CONVERSION = YES;
				CLANG_WARN_DIRECT_OBJC_ISA_USAGE = YES_ERROR;
				CLANG_WARN_DOCUMENTATION_COMMENTS = YES;
				CLANG_WARN_EMPTY_BODY = YES;
				CLANG_WARN_ENUM_CONVERSION = YES;
				CLANG_WARN_INFINITE_RECURSION = YES;
				CLANG_WARN_INT_CONVERSION = YES;
				CLANG_WARN_OBJC_ROOT_CLASS = YES_ERROR;
				CLANG_WARN_SUSPICIOUS_MOVE = YES;
				CLANG_WARN_SUSPICIOUS_MOVES = YES;
				CLANG_WARN_UNREACHABLE_CODE = YES;
				CLANG_WARN__DUPLICATE_METHOD_MATCH = YES;
				CODE_SIGN_IDENTITY = "iPhone Developer";
				"CODE_SIGN_IDENTITY[sdk=iphoneos*]" = "iPhone Developer";
				COPY_PHASE_STRIP = NO;
				DEBUG_INFORMATION_FORMAT = dwarf;
				ENABLE_STRICT_OBJC_MSGSEND = YES;
				ENABLE_TESTABILITY = YES;
				GCC_C_LANGUAGE_STANDARD = gnu99;
				GCC_DYNAMIC_NO_PIC = NO;
				GCC_NO_COMMON_BLOCKS = YES;
				GCC_OPTIMIZATION_LEVEL = 0;
				GCC_PREPROCESSOR_DEFINITIONS = (
					"DEBUG=1",
					"$(inherited)",
				);
				GCC_WARN_64_TO_32_BIT_CONVERSION = YES;
				GCC_WARN_ABOUT_RETURN_TYPE = YES_ERROR;
				GCC_WARN_UNDECLARED_SELECTOR = YES;
				GCC_WARN_UNINITIALIZED_AUTOS = YES_AGGRESSIVE;
				GCC_WARN_UNUSED_FUNCTION = YES;
				GCC_WARN_UNUSED_VARIABLE = YES;
				IPHONEOS_DEPLOYMENT_TARGET = 10.1;
				MTL_ENABLE_DEBUG_INFO = YES;
				ONLY_ACTIVE_ARCH = YES;
				SDKROOT = iphoneos;
				SWIFT_ACTIVE_COMPILATION_CONDITIONS = DEBUG;
				SWIFT_OPTIMIZATION_LEVEL = "-Onone";
			};
			name = Debug;
		};
		528509991DC6F9470083CC55 /* Release */ = {
			isa = XCBuildConfiguration;
			buildSettings = {
				ALWAYS_SEARCH_USER_PATHS = NO;
				CLANG_ANALYZER_NONNULL = YES;
				CLANG_CXX_LANGUAGE_STANDARD = "gnu++0x";
				CLANG_CXX_LIBRARY = "libc++";
				CLANG_ENABLE_MODULES = YES;
				CLANG_ENABLE_OBJC_ARC = YES;
				CLANG_WARN_BOOL_CONVERSION = YES;
				CLANG_WARN_CONSTANT_CONVERSION = YES;
				CLANG_WARN_DIRECT_OBJC_ISA_USAGE = YES_ERROR;
				CLANG_WARN_DOCUMENTATION_COMMENTS = YES;
				CLANG_WARN_EMPTY_BODY = YES;
				CLANG_WARN_ENUM_CONVERSION = YES;
				CLANG_WARN_INFINITE_RECURSION = YES;
				CLANG_WARN_INT_CONVERSION = YES;
				CLANG_WARN_OBJC_ROOT_CLASS = YES_ERROR;
				CLANG_WARN_SUSPICIOUS_MOVE = YES;
				CLANG_WARN_SUSPICIOUS_MOVES = YES;
				CLANG_WARN_UNREACHABLE_CODE = YES;
				CLANG_WARN__DUPLICATE_METHOD_MATCH = YES;
				CODE_SIGN_IDENTITY = "iPhone Developer";
				"CODE_SIGN_IDENTITY[sdk=iphoneos*]" = "iPhone Developer";
				COPY_PHASE_STRIP = NO;
				DEBUG_INFORMATION_FORMAT = "dwarf-with-dsym";
				ENABLE_NS_ASSERTIONS = NO;
				ENABLE_STRICT_OBJC_MSGSEND = YES;
				GCC_C_LANGUAGE_STANDARD = gnu99;
				GCC_NO_COMMON_BLOCKS = YES;
				GCC_WARN_64_TO_32_BIT_CONVERSION = YES;
				GCC_WARN_ABOUT_RETURN_TYPE = YES_ERROR;
				GCC_WARN_UNDECLARED_SELECTOR = YES;
				GCC_WARN_UNINITIALIZED_AUTOS = YES_AGGRESSIVE;
				GCC_WARN_UNUSED_FUNCTION = YES;
				GCC_WARN_UNUSED_VARIABLE = YES;
				IPHONEOS_DEPLOYMENT_TARGET = 10.1;
				MTL_ENABLE_DEBUG_INFO = NO;
				SDKROOT = iphoneos;
				SWIFT_OPTIMIZATION_LEVEL = "-Owholemodule";
				VALIDATE_PRODUCT = YES;
			};
			name = Release;
		};
		5285099B1DC6F9470083CC55 /* Debug */ = {
			isa = XCBuildConfiguration;
			buildSettings = {
				ASSETCATALOG_COMPILER_APPICON_NAME = AppIcon;
				CLANG_ENABLE_MODULES = YES;
				"CODE_SIGN_IDENTITY[sdk=iphoneos*]" = "iPhone Developer";
				DEVELOPMENT_TEAM = 4U72CXANPR;
				INFOPLIST_FILE = YourTake/Info.plist;
				LD_RUNPATH_SEARCH_PATHS = "$(inherited) @executable_path/Frameworks";
				PRODUCT_BUNDLE_IDENTIFIER = com.enovi.yourtake;
				PRODUCT_NAME = "$(TARGET_NAME)";
				SWIFT_OBJC_BRIDGING_HEADER = "YourTake/YourTake-Bridging-Header.h";
				SWIFT_OPTIMIZATION_LEVEL = "-Onone";
				SWIFT_VERSION = 3.0;
			};
			name = Debug;
		};
		5285099C1DC6F9470083CC55 /* Release */ = {
			isa = XCBuildConfiguration;
			buildSettings = {
				ASSETCATALOG_COMPILER_APPICON_NAME = AppIcon;
				CLANG_ENABLE_MODULES = YES;
				"CODE_SIGN_IDENTITY[sdk=iphoneos*]" = "iPhone Developer";
				DEVELOPMENT_TEAM = 4U72CXANPR;
				INFOPLIST_FILE = YourTake/Info.plist;
				LD_RUNPATH_SEARCH_PATHS = "$(inherited) @executable_path/Frameworks";
				PRODUCT_BUNDLE_IDENTIFIER = com.enovi.yourtake;
				PRODUCT_NAME = "$(TARGET_NAME)";
				SWIFT_OBJC_BRIDGING_HEADER = "YourTake/YourTake-Bridging-Header.h";
				SWIFT_VERSION = 3.0;
			};
			name = Release;
		};
/* End XCBuildConfiguration section */

/* Begin XCConfigurationList section */
		528509831DC6F9470083CC55 /* Build configuration list for PBXProject "YourTake" */ = {
			isa = XCConfigurationList;
			buildConfigurations = (
				528509981DC6F9470083CC55 /* Debug */,
				528509991DC6F9470083CC55 /* Release */,
			);
			defaultConfigurationIsVisible = 0;
			defaultConfigurationName = Release;
		};
		5285099A1DC6F9470083CC55 /* Build configuration list for PBXNativeTarget "YourTake" */ = {
			isa = XCConfigurationList;
			buildConfigurations = (
				5285099B1DC6F9470083CC55 /* Debug */,
				5285099C1DC6F9470083CC55 /* Release */,
			);
			defaultConfigurationIsVisible = 0;
			defaultConfigurationName = Release;
		};
/* End XCConfigurationList section */
	};
	rootObject = 528509801DC6F9470083CC55 /* Project object */;
}
