// !$*UTF8*$!
{
	archiveVersion = 1;
	classes = {
	};
	objectVersion = 46;
	objects = {

/* Begin PBXBuildFile section */
		332283F01E05D5E4008647E4 /* BaasBoxChallenge.swift in Sources */ = {isa = PBXBuildFile; fileRef = 332283EC1E05D5E4008647E4 /* BaasBoxChallenge.swift */; };
		332283F11E05D5E4008647E4 /* BaasBoxClient.swift in Sources */ = {isa = PBXBuildFile; fileRef = 332283ED1E05D5E4008647E4 /* BaasBoxClient.swift */; };
		332283F21E05D5E4008647E4 /* BaasBoxTake.swift in Sources */ = {isa = PBXBuildFile; fileRef = 332283EE1E05D5E4008647E4 /* BaasBoxTake.swift */; };
		332283F31E05D5E4008647E4 /* BaClient.swift in Sources */ = {isa = PBXBuildFile; fileRef = 332283EF1E05D5E4008647E4 /* BaClient.swift */; };
		332283F91E072F12008647E4 /* LocalClient.swift in Sources */ = {isa = PBXBuildFile; fileRef = 332283F81E072F12008647E4 /* LocalClient.swift */; };
		33E3AA4D1E248EA600C5D05A /* Backend.swift in Sources */ = {isa = PBXBuildFile; fileRef = 33E3AA4C1E248EA600C5D05A /* Backend.swift */; };
		33E3AA8C1E2ACF6D00C5D05A /* BaasBoxUser.swift in Sources */ = {isa = PBXBuildFile; fileRef = 33E3AA8B1E2ACF6D00C5D05A /* BaasBoxUser.swift */; };
		520655161E9B47D90048A575 /* TakeBaasBoxStore.swift in Sources */ = {isa = PBXBuildFile; fileRef = 520655151E9B47D80048A575 /* TakeBaasBoxStore.swift */; };
		520E2BE91EA4364600A5713C /* FriendNameTableViewCell.swift in Sources */ = {isa = PBXBuildFile; fileRef = 520E2BE81EA4364600A5713C /* FriendNameTableViewCell.swift */; };
		521BC6BE1E66A3210083D6E6 /* NoFriendsCell.xib in Resources */ = {isa = PBXBuildFile; fileRef = 521BC6BD1E66A3210083D6E6 /* NoFriendsCell.xib */; };
		521BC6C01E66A4270083D6E6 /* NoFriendsCell.swift in Sources */ = {isa = PBXBuildFile; fileRef = 521BC6BF1E66A4270083D6E6 /* NoFriendsCell.swift */; };
		52299E2C1DE807ED00F04C86 /* BAAClient.m in Sources */ = {isa = PBXBuildFile; fileRef = 52299E1F1DE807ED00F04C86 /* BAAClient.m */; };
		52299E2D1DE807ED00F04C86 /* BAAFile.m in Sources */ = {isa = PBXBuildFile; fileRef = 52299E211DE807ED00F04C86 /* BAAFile.m */; };
		52299E2E1DE807ED00F04C86 /* BAAGlobals.m in Sources */ = {isa = PBXBuildFile; fileRef = 52299E231DE807ED00F04C86 /* BAAGlobals.m */; };
		52299E2F1DE807ED00F04C86 /* BAAMutableURLRequest.m in Sources */ = {isa = PBXBuildFile; fileRef = 52299E251DE807ED00F04C86 /* BAAMutableURLRequest.m */; };
		52299E301DE807ED00F04C86 /* BAAObject.m in Sources */ = {isa = PBXBuildFile; fileRef = 52299E271DE807ED00F04C86 /* BAAObject.m */; };
		52299E311DE807ED00F04C86 /* BaasBox.m in Sources */ = {isa = PBXBuildFile; fileRef = 52299E291DE807ED00F04C86 /* BaasBox.m */; };
		52299E321DE807ED00F04C86 /* BAAUser.m in Sources */ = {isa = PBXBuildFile; fileRef = 52299E2B1DE807ED00F04C86 /* BAAUser.m */; };
		523074A91DC70C4F002EB030 /* User.swift in Sources */ = {isa = PBXBuildFile; fileRef = 523074A81DC70C4F002EB030 /* User.swift */; };
		523074B11DC71692002EB030 /* John_Challenge_Andrea.jpg in Resources */ = {isa = PBXBuildFile; fileRef = 523074AC1DC71692002EB030 /* John_Challenge_Andrea.jpg */; };
		523074B21DC71692002EB030 /* John_Challenge_Anthony.jpg in Resources */ = {isa = PBXBuildFile; fileRef = 523074AD1DC71692002EB030 /* John_Challenge_Anthony.jpg */; };
		523074B31DC71692002EB030 /* John_Challenge_Ashling.jpg in Resources */ = {isa = PBXBuildFile; fileRef = 523074AE1DC71692002EB030 /* John_Challenge_Ashling.jpg */; };
		523074B41DC71692002EB030 /* John_Challenge_Peter.jpg in Resources */ = {isa = PBXBuildFile; fileRef = 523074AF1DC71692002EB030 /* John_Challenge_Peter.jpg */; };
		523074B51DC71692002EB030 /* John_Challenge.jpg in Resources */ = {isa = PBXBuildFile; fileRef = 523074B01DC71692002EB030 /* John_Challenge.jpg */; };
		524540CF1EC43CFE006FF5EB /* ListChallengesNoFriendsTableViewDataSource.swift in Sources */ = {isa = PBXBuildFile; fileRef = 524540CE1EC43CFE006FF5EB /* ListChallengesNoFriendsTableViewDataSource.swift */; };
		524540D11EC4498F006FF5EB /* FriendsBaasBoxStore.swift in Sources */ = {isa = PBXBuildFile; fileRef = 524540D01EC4498F006FF5EB /* FriendsBaasBoxStore.swift */; };
		5248BE0F1E58D85100538A50 /* KeychainConfiguration.swift in Sources */ = {isa = PBXBuildFile; fileRef = 5248BE0D1E58D85100538A50 /* KeychainConfiguration.swift */; };
		5248BE101E58D85100538A50 /* KeychainPasswordItem.swift in Sources */ = {isa = PBXBuildFile; fileRef = 5248BE0E1E58D85100538A50 /* KeychainPasswordItem.swift */; };
		524B02801EC2E601007DA5EA /* FriendsWorker.swift in Sources */ = {isa = PBXBuildFile; fileRef = 524B027F1EC2E601007DA5EA /* FriendsWorker.swift */; };
		524B02821EC2E93A007DA5EA /* FriendsMemStore.swift in Sources */ = {isa = PBXBuildFile; fileRef = 524B02811EC2E93A007DA5EA /* FriendsMemStore.swift */; };
		524D1DED1DEA504000776A1D /* CameraOverlayView.xib in Resources */ = {isa = PBXBuildFile; fileRef = 524D1DEC1DEA504000776A1D /* CameraOverlayView.xib */; };
		524D1DEF1DEA7F2E00776A1D /* PhotoPreviewView.xib in Resources */ = {isa = PBXBuildFile; fileRef = 524D1DEE1DEA7F2E00776A1D /* PhotoPreviewView.xib */; };
		524D1DF11DEA7FED00776A1D /* PhotoPreviewViewController.swift in Sources */ = {isa = PBXBuildFile; fileRef = 524D1DF01DEA7FED00776A1D /* PhotoPreviewViewController.swift */; };
		5257AE631F5E6F6F00CD2A33 /* ChangePasswordConfigurator.swift in Sources */ = {isa = PBXBuildFile; fileRef = 5257AE5C1F5E6F6F00CD2A33 /* ChangePasswordConfigurator.swift */; };
		5257AE641F5E6F6F00CD2A33 /* ChangePasswordInteractor.swift in Sources */ = {isa = PBXBuildFile; fileRef = 5257AE5D1F5E6F6F00CD2A33 /* ChangePasswordInteractor.swift */; };
		5257AE651F5E6F6F00CD2A33 /* ChangePasswordModels.swift in Sources */ = {isa = PBXBuildFile; fileRef = 5257AE5E1F5E6F6F00CD2A33 /* ChangePasswordModels.swift */; };
		5257AE661F5E6F6F00CD2A33 /* ChangePasswordPresenter.swift in Sources */ = {isa = PBXBuildFile; fileRef = 5257AE5F1F5E6F6F00CD2A33 /* ChangePasswordPresenter.swift */; };
		5257AE671F5E6F6F00CD2A33 /* ChangePasswordRouter.swift in Sources */ = {isa = PBXBuildFile; fileRef = 5257AE601F5E6F6F00CD2A33 /* ChangePasswordRouter.swift */; };
		5257AE681F5E6F6F00CD2A33 /* ChangePasswordViewController.swift in Sources */ = {isa = PBXBuildFile; fileRef = 5257AE611F5E6F6F00CD2A33 /* ChangePasswordViewController.swift */; };
		5257D3371F8C012900A2E05D /* ValidationService.swift in Sources */ = {isa = PBXBuildFile; fileRef = 5257D3361F8C012900A2E05D /* ValidationService.swift */; };
		5257D3391F92897700A2E05D /* AlertModel.swift in Sources */ = {isa = PBXBuildFile; fileRef = 5257D3381F92897600A2E05D /* AlertModel.swift */; };
		5257D33B1F928B6E00A2E05D /* AlertPresenter.swift in Sources */ = {isa = PBXBuildFile; fileRef = 5257D33A1F928B6E00A2E05D /* AlertPresenter.swift */; };
		5257D33D1F9415AC00A2E05D /* BaasBoxConfig.plist in Resources */ = {isa = PBXBuildFile; fileRef = 5257D33C1F9415AC00A2E05D /* BaasBoxConfig.plist */; };
		52592FB61F8B370A00D6202A /* PasswordVerificationConfigurator.swift in Sources */ = {isa = PBXBuildFile; fileRef = 52592FAF1F8B370A00D6202A /* PasswordVerificationConfigurator.swift */; };
		52592FB71F8B370A00D6202A /* PasswordVerificationInteractor.swift in Sources */ = {isa = PBXBuildFile; fileRef = 52592FB01F8B370A00D6202A /* PasswordVerificationInteractor.swift */; };
		52592FB81F8B370A00D6202A /* PasswordVerificationModels.swift in Sources */ = {isa = PBXBuildFile; fileRef = 52592FB11F8B370A00D6202A /* PasswordVerificationModels.swift */; };
		52592FB91F8B370A00D6202A /* PasswordVerificationPresenter.swift in Sources */ = {isa = PBXBuildFile; fileRef = 52592FB21F8B370A00D6202A /* PasswordVerificationPresenter.swift */; };
		52592FBA1F8B370A00D6202A /* PasswordVerificationRouter.swift in Sources */ = {isa = PBXBuildFile; fileRef = 52592FB31F8B370A00D6202A /* PasswordVerificationRouter.swift */; };
		52592FBB1F8B370A00D6202A /* PasswordVerificationViewController.swift in Sources */ = {isa = PBXBuildFile; fileRef = 52592FB41F8B370A00D6202A /* PasswordVerificationViewController.swift */; };
		5263CA521EA2D399001BA2E4 /* SignupUserConfigurator.swift in Sources */ = {isa = PBXBuildFile; fileRef = 5263CA4B1EA2D399001BA2E4 /* SignupUserConfigurator.swift */; };
		5263CA531EA2D399001BA2E4 /* SignupUserInteractor.swift in Sources */ = {isa = PBXBuildFile; fileRef = 5263CA4C1EA2D399001BA2E4 /* SignupUserInteractor.swift */; };
		5263CA541EA2D399001BA2E4 /* SignupUserModels.swift in Sources */ = {isa = PBXBuildFile; fileRef = 5263CA4D1EA2D399001BA2E4 /* SignupUserModels.swift */; };
		5263CA551EA2D399001BA2E4 /* SignupUserPresenter.swift in Sources */ = {isa = PBXBuildFile; fileRef = 5263CA4E1EA2D399001BA2E4 /* SignupUserPresenter.swift */; };
		5263CA561EA2D399001BA2E4 /* SignupUserRouter.swift in Sources */ = {isa = PBXBuildFile; fileRef = 5263CA4F1EA2D399001BA2E4 /* SignupUserRouter.swift */; };
		5263CA571EA2D399001BA2E4 /* SignupUserViewController.swift in Sources */ = {isa = PBXBuildFile; fileRef = 5263CA501EA2D399001BA2E4 /* SignupUserViewController.swift */; };
		5263CA581EA2D399001BA2E4 /* SignupUserWorker.swift in Sources */ = {isa = PBXBuildFile; fileRef = 5263CA511EA2D399001BA2E4 /* SignupUserWorker.swift */; };
		5267D8DD1E998E0100B94470 /* ListTakesConfigurator.swift in Sources */ = {isa = PBXBuildFile; fileRef = 5267D8D61E998E0100B94470 /* ListTakesConfigurator.swift */; };
		5267D8DE1E998E0100B94470 /* ListTakesInteractor.swift in Sources */ = {isa = PBXBuildFile; fileRef = 5267D8D71E998E0100B94470 /* ListTakesInteractor.swift */; };
		5267D8DF1E998E0100B94470 /* ListTakesModels.swift in Sources */ = {isa = PBXBuildFile; fileRef = 5267D8D81E998E0100B94470 /* ListTakesModels.swift */; };
		5267D8E01E998E0100B94470 /* ListTakesPresenter.swift in Sources */ = {isa = PBXBuildFile; fileRef = 5267D8D91E998E0100B94470 /* ListTakesPresenter.swift */; };
		5267D8E11E998E0100B94470 /* ListTakesRouter.swift in Sources */ = {isa = PBXBuildFile; fileRef = 5267D8DA1E998E0100B94470 /* ListTakesRouter.swift */; };
		5267D8E21E998E0100B94470 /* ListTakesViewController.swift in Sources */ = {isa = PBXBuildFile; fileRef = 5267D8DB1E998E0100B94470 /* ListTakesViewController.swift */; };
		5267D8E31E998E0100B94470 /* ListTakesWorker.swift in Sources */ = {isa = PBXBuildFile; fileRef = 5267D8DC1E998E0100B94470 /* ListTakesWorker.swift */; };
		5267D8E51E9994BE00B94470 /* ListTakesCollectionViewDataSource.swift in Sources */ = {isa = PBXBuildFile; fileRef = 5267D8E41E9994BE00B94470 /* ListTakesCollectionViewDataSource.swift */; };
		5267D8E81E99965400B94470 /* TakeCollectionViewCell.swift in Sources */ = {isa = PBXBuildFile; fileRef = 5267D8E71E99965400B94470 /* TakeCollectionViewCell.swift */; };
		5267D8EA1E99968100B94470 /* TakeCollectionViewCell.xib in Resources */ = {isa = PBXBuildFile; fileRef = 5267D8E91E99968100B94470 /* TakeCollectionViewCell.xib */; };
		5267D8EC1E99A04D00B94470 /* TakeDto.swift in Sources */ = {isa = PBXBuildFile; fileRef = 5267D8EB1E99A04D00B94470 /* TakeDto.swift */; };
		5267D8EE1E9A8E1700B94470 /* TakesWorker.swift in Sources */ = {isa = PBXBuildFile; fileRef = 5267D8ED1E9A8E1700B94470 /* TakesWorker.swift */; };
		5267D8F01E9A93DE00B94470 /* TakeMemStore.swift in Sources */ = {isa = PBXBuildFile; fileRef = 5267D8EF1E9A93DE00B94470 /* TakeMemStore.swift */; };
		526AF0521DCFCE86003350B4 /* Ashling_Challenge_Andrea.jpg in Resources */ = {isa = PBXBuildFile; fileRef = 526AF04D1DCFCE86003350B4 /* Ashling_Challenge_Andrea.jpg */; };
		526AF0531DCFCE86003350B4 /* Ashling_Challenge_Anthony.jpg in Resources */ = {isa = PBXBuildFile; fileRef = 526AF04E1DCFCE86003350B4 /* Ashling_Challenge_Anthony.jpg */; };
		526AF0541DCFCE86003350B4 /* Ashling_Challenge_John.jpg in Resources */ = {isa = PBXBuildFile; fileRef = 526AF04F1DCFCE86003350B4 /* Ashling_Challenge_John.jpg */; };
		526AF0551DCFCE86003350B4 /* Ashling_Challenge_Peter.jpg in Resources */ = {isa = PBXBuildFile; fileRef = 526AF0501DCFCE86003350B4 /* Ashling_Challenge_Peter.jpg */; };
		526AF0561DCFCE86003350B4 /* Ashling_Challenge.jpg in Resources */ = {isa = PBXBuildFile; fileRef = 526AF0511DCFCE86003350B4 /* Ashling_Challenge.jpg */; };
		52760BF51E9045280093B921 /* ChallengeDto.swift in Sources */ = {isa = PBXBuildFile; fileRef = 52760BF41E9045270093B921 /* ChallengeDto.swift */; };
		52760C071E9058F80093B921 /* ListChallengesPresenter.swift in Sources */ = {isa = PBXBuildFile; fileRef = 52760BFD1E9058F80093B921 /* ListChallengesPresenter.swift */; };
		52760C081E9058F80093B921 /* ListChallengesViewController.swift in Sources */ = {isa = PBXBuildFile; fileRef = 52760BFE1E9058F80093B921 /* ListChallengesViewController.swift */; };
		52760C091E9058F80093B921 /* ListChallengesInteractor.swift in Sources */ = {isa = PBXBuildFile; fileRef = 52760BFF1E9058F80093B921 /* ListChallengesInteractor.swift */; };
		52760C0A1E9058F80093B921 /* ListChallengesModels.swift in Sources */ = {isa = PBXBuildFile; fileRef = 52760C001E9058F80093B921 /* ListChallengesModels.swift */; };
		52760C0B1E9058F80093B921 /* ListChallengesNoChallengesTableViewDataSource.swift in Sources */ = {isa = PBXBuildFile; fileRef = 52760C011E9058F80093B921 /* ListChallengesNoChallengesTableViewDataSource.swift */; };
		52760C0C1E9058F80093B921 /* ListChallengesConfigurator.swift in Sources */ = {isa = PBXBuildFile; fileRef = 52760C021E9058F80093B921 /* ListChallengesConfigurator.swift */; };
		52760C0D1E9058F80093B921 /* ListChallengesForFriendsTableViewDataSource.swift in Sources */ = {isa = PBXBuildFile; fileRef = 52760C031E9058F80093B921 /* ListChallengesForFriendsTableViewDataSource.swift */; };
		52760C0E1E9058F80093B921 /* ListChallengesForUserTableViewDataSource.swift in Sources */ = {isa = PBXBuildFile; fileRef = 52760C041E9058F80093B921 /* ListChallengesForUserTableViewDataSource.swift */; };
		52760C0F1E9058F80093B921 /* ListChallengesRouter.swift in Sources */ = {isa = PBXBuildFile; fileRef = 52760C051E9058F80093B921 /* ListChallengesRouter.swift */; };
		52760C101E9058F80093B921 /* ListChallengesWorker.swift in Sources */ = {isa = PBXBuildFile; fileRef = 52760C061E9058F80093B921 /* ListChallengesWorker.swift */; };
		52760C141E90591E0093B921 /* ChallengesMemStore.swift in Sources */ = {isa = PBXBuildFile; fileRef = 52760C131E90591E0093B921 /* ChallengesMemStore.swift */; };
		52760C1A1E9059520093B921 /* EmptyChallengeTableViewCell.xib in Resources */ = {isa = PBXBuildFile; fileRef = 52760C161E9059520093B921 /* EmptyChallengeTableViewCell.xib */; };
		52760C1B1E9059520093B921 /* EmptyChallengeTableViewCell.swift in Sources */ = {isa = PBXBuildFile; fileRef = 52760C171E9059520093B921 /* EmptyChallengeTableViewCell.swift */; };
		52760C1C1E9059520093B921 /* ChallengeTableViewCell.xib in Resources */ = {isa = PBXBuildFile; fileRef = 52760C181E9059520093B921 /* ChallengeTableViewCell.xib */; };
		52760C1D1E9059520093B921 /* ChallengeTableViewCell.swift in Sources */ = {isa = PBXBuildFile; fileRef = 52760C191E9059520093B921 /* ChallengeTableViewCell.swift */; };
		52760C1F1E9059610093B921 /* ChallengesWorker.swift in Sources */ = {isa = PBXBuildFile; fileRef = 52760C1E1E9059610093B921 /* ChallengesWorker.swift */; };
		52760C211E9059880093B921 /* Main.storyboard in Resources */ = {isa = PBXBuildFile; fileRef = 52760C201E9059880093B921 /* Main.storyboard */; };
		52760C231E905EDB0093B921 /* ChallengesBaasBoxStore.swift in Sources */ = {isa = PBXBuildFile; fileRef = 52760C221E905EDB0093B921 /* ChallengesBaasBoxStore.swift */; };
		527FD5EA1E0739F90023D420 /* LaunchScreen.xib in Resources */ = {isa = PBXBuildFile; fileRef = 527FD5E91E0739F90023D420 /* LaunchScreen.xib */; };
		5285098C1DC6F9470083CC55 /* AppDelegate.swift in Sources */ = {isa = PBXBuildFile; fileRef = 5285098B1DC6F9470083CC55 /* AppDelegate.swift */; };
		528509931DC6F9470083CC55 /* Assets.xcassets in Resources */ = {isa = PBXBuildFile; fileRef = 528509921DC6F9470083CC55 /* Assets.xcassets */; };
		5286FDC91F8BDEBE00A6244D /* Constants.swift in Sources */ = {isa = PBXBuildFile; fileRef = 5286FDC81F8BDEBE00A6244D /* Constants.swift */; };
		52881F291DF91F0A0034A77A /* SwipelessNavigationController.swift in Sources */ = {isa = PBXBuildFile; fileRef = 52881F281DF91F0A0034A77A /* SwipelessNavigationController.swift */; };
		529EFBB11E9F3A3D0054559B /* CreateTakeViewController.swift in Sources */ = {isa = PBXBuildFile; fileRef = 529EFBB01E9F3A3D0054559B /* CreateTakeViewController.swift */; };
		529EFBB31E9F4E8D0054559B /* CreateTakeViewController.xib in Resources */ = {isa = PBXBuildFile; fileRef = 529EFBB21E9F4E8D0054559B /* CreateTakeViewController.xib */; };
		529FB8381DE23AA800861826 /* ChallengeOptionsViewController.swift in Sources */ = {isa = PBXBuildFile; fileRef = 529FB8371DE23AA800861826 /* ChallengeOptionsViewController.swift */; };
		52A0D1F11EA2EB7700292B23 /* SignupWorker.swift in Sources */ = {isa = PBXBuildFile; fileRef = 52A0D1F01EA2EB7700292B23 /* SignupWorker.swift */; };
		52A0D1F31EA2EC6400292B23 /* SignupBaasBoxStore.swift in Sources */ = {isa = PBXBuildFile; fileRef = 52A0D1F21EA2EC6400292B23 /* SignupBaasBoxStore.swift */; };
		52A0D1F81EA3430500292B23 /* UserSettingsViewController.swift in Sources */ = {isa = PBXBuildFile; fileRef = 52A0D1F71EA3430500292B23 /* UserSettingsViewController.swift */; };
		52A0D1FC1EA3482D00292B23 /* UserForgotLoginPasswordViewController.swift in Sources */ = {isa = PBXBuildFile; fileRef = 52A0D1FB1EA3482D00292B23 /* UserForgotLoginPasswordViewController.swift */; };
		52A48D2A1DD90631005A89B8 /* DrawPathsView.swift in Sources */ = {isa = PBXBuildFile; fileRef = 52A48D291DD90631005A89B8 /* DrawPathsView.swift */; };
		52A868811E63687100F26F31 /* FriendSelectionTracker.swift in Sources */ = {isa = PBXBuildFile; fileRef = 52A868801E63687100F26F31 /* FriendSelectionTracker.swift */; };
		52A868831E63E20B00F26F31 /* ChallengeOptionsViewController.xib in Resources */ = {isa = PBXBuildFile; fileRef = 52A868821E63E20B00F26F31 /* ChallengeOptionsViewController.xib */; };
		52AD64141EA441E700774D5D /* FriendPickerCell.swift in Sources */ = {isa = PBXBuildFile; fileRef = 52AD64121EA441E700774D5D /* FriendPickerCell.swift */; };
		52AD64151EA441E700774D5D /* FriendPickerCell.xib in Resources */ = {isa = PBXBuildFile; fileRef = 52AD64131EA441E700774D5D /* FriendPickerCell.xib */; };
		52B682BF1EA296C400DBB0A4 /* DisplayTakeViewController.swift in Sources */ = {isa = PBXBuildFile; fileRef = 52B682BC1EA296C400DBB0A4 /* DisplayTakeViewController.swift */; };
		52B682C01EA296C400DBB0A4 /* DisplayTakeViewController.xib in Resources */ = {isa = PBXBuildFile; fileRef = 52B682BD1EA296C400DBB0A4 /* DisplayTakeViewController.xib */; };
		52B682C11EA296C400DBB0A4 /* DisplayTakeModels.swift in Sources */ = {isa = PBXBuildFile; fileRef = 52B682BE1EA296C400DBB0A4 /* DisplayTakeModels.swift */; };
		52B682E61EA29BFE00DBB0A4 /* UserLoginConfigurator.swift in Sources */ = {isa = PBXBuildFile; fileRef = 52B682DF1EA29BFE00DBB0A4 /* UserLoginConfigurator.swift */; };
		52B682E71EA29BFE00DBB0A4 /* UserLoginInteractor.swift in Sources */ = {isa = PBXBuildFile; fileRef = 52B682E01EA29BFE00DBB0A4 /* UserLoginInteractor.swift */; };
		52B682E81EA29BFE00DBB0A4 /* UserLoginModels.swift in Sources */ = {isa = PBXBuildFile; fileRef = 52B682E11EA29BFE00DBB0A4 /* UserLoginModels.swift */; };
		52B682E91EA29BFE00DBB0A4 /* UserLoginPresenter.swift in Sources */ = {isa = PBXBuildFile; fileRef = 52B682E21EA29BFE00DBB0A4 /* UserLoginPresenter.swift */; };
		52B682EA1EA29BFE00DBB0A4 /* UserLoginRouter.swift in Sources */ = {isa = PBXBuildFile; fileRef = 52B682E31EA29BFE00DBB0A4 /* UserLoginRouter.swift */; };
		52B682EB1EA29BFE00DBB0A4 /* UserLoginViewController.swift in Sources */ = {isa = PBXBuildFile; fileRef = 52B682E41EA29BFE00DBB0A4 /* UserLoginViewController.swift */; };
		52B682EC1EA29BFE00DBB0A4 /* UserLoginWorker.swift in Sources */ = {isa = PBXBuildFile; fileRef = 52B682E51EA29BFE00DBB0A4 /* UserLoginWorker.swift */; };
		52B682EE1EA29FFF00DBB0A4 /* LoginWorker.swift in Sources */ = {isa = PBXBuildFile; fileRef = 52B682ED1EA29FFF00DBB0A4 /* LoginWorker.swift */; };
		52B682F01EA2A19E00DBB0A4 /* LoginMemStore.swift in Sources */ = {isa = PBXBuildFile; fileRef = 52B682EF1EA2A19E00DBB0A4 /* LoginMemStore.swift */; };
		52B682F21EA2A1E600DBB0A4 /* LoginBaasBoxStore.swift in Sources */ = {isa = PBXBuildFile; fileRef = 52B682F11EA2A1E600DBB0A4 /* LoginBaasBoxStore.swift */; };
		52BD8B6C1EA43464005B142C /* FriendViewController.swift in Sources */ = {isa = PBXBuildFile; fileRef = 52BD8B6B1EA43464005B142C /* FriendViewController.swift */; };
		52DC0AC71DCA3BEB00DA2BDC /* John_Challenge_2.jpg in Resources */ = {isa = PBXBuildFile; fileRef = 52DC0AC61DCA3BEB00DA2BDC /* John_Challenge_2.jpg */; };
/* End PBXBuildFile section */

/* Begin PBXFileReference section */
		332283EC1E05D5E4008647E4 /* BaasBoxChallenge.swift */ = {isa = PBXFileReference; fileEncoding = 4; lastKnownFileType = sourcecode.swift; lineEnding = 0; path = BaasBoxChallenge.swift; sourceTree = "<group>"; wrapsLines = 1; };
		332283ED1E05D5E4008647E4 /* BaasBoxClient.swift */ = {isa = PBXFileReference; fileEncoding = 4; lastKnownFileType = sourcecode.swift; lineEnding = 0; path = BaasBoxClient.swift; sourceTree = "<group>"; };
		332283EE1E05D5E4008647E4 /* BaasBoxTake.swift */ = {isa = PBXFileReference; fileEncoding = 4; lastKnownFileType = sourcecode.swift; lineEnding = 0; path = BaasBoxTake.swift; sourceTree = "<group>"; };
		332283EF1E05D5E4008647E4 /* BaClient.swift */ = {isa = PBXFileReference; fileEncoding = 4; lastKnownFileType = sourcecode.swift; lineEnding = 0; path = BaClient.swift; sourceTree = "<group>"; };
		332283F81E072F12008647E4 /* LocalClient.swift */ = {isa = PBXFileReference; fileEncoding = 4; lastKnownFileType = sourcecode.swift; lineEnding = 0; path = LocalClient.swift; sourceTree = "<group>"; };
		33E3AA4C1E248EA600C5D05A /* Backend.swift */ = {isa = PBXFileReference; fileEncoding = 4; lastKnownFileType = sourcecode.swift; name = Backend.swift; path = Models/Backend.swift; sourceTree = "<group>"; };
		33E3AA8B1E2ACF6D00C5D05A /* BaasBoxUser.swift */ = {isa = PBXFileReference; fileEncoding = 4; lastKnownFileType = sourcecode.swift; path = BaasBoxUser.swift; sourceTree = "<group>"; };
		520655151E9B47D80048A575 /* TakeBaasBoxStore.swift */ = {isa = PBXFileReference; fileEncoding = 4; lastKnownFileType = sourcecode.swift; name = TakeBaasBoxStore.swift; path = Clean/Services/TakeBaasBoxStore.swift; sourceTree = "<group>"; };
		520E2BE81EA4364600A5713C /* FriendNameTableViewCell.swift */ = {isa = PBXFileReference; fileEncoding = 4; lastKnownFileType = sourcecode.swift; name = FriendNameTableViewCell.swift; path = Clean/Scenes/AddFriends/FriendNameTableViewCell.swift; sourceTree = "<group>"; };
		521BC6BD1E66A3210083D6E6 /* NoFriendsCell.xib */ = {isa = PBXFileReference; fileEncoding = 4; lastKnownFileType = file.xib; name = NoFriendsCell.xib; path = Clean/Views/Challenge/NoFriendsCell.xib; sourceTree = "<group>"; };
		521BC6BF1E66A4270083D6E6 /* NoFriendsCell.swift */ = {isa = PBXFileReference; fileEncoding = 4; lastKnownFileType = sourcecode.swift; name = NoFriendsCell.swift; path = Clean/Views/Challenge/NoFriendsCell.swift; sourceTree = "<group>"; };
		52299E1D1DE807EC00F04C86 /* YourTake-Bridging-Header.h */ = {isa = PBXFileReference; lastKnownFileType = sourcecode.c.h; path = "YourTake-Bridging-Header.h"; sourceTree = "<group>"; };
		52299E1E1DE807ED00F04C86 /* BAAClient.h */ = {isa = PBXFileReference; fileEncoding = 4; lastKnownFileType = sourcecode.c.h; path = BAAClient.h; sourceTree = "<group>"; };
		52299E1F1DE807ED00F04C86 /* BAAClient.m */ = {isa = PBXFileReference; fileEncoding = 4; lastKnownFileType = sourcecode.c.objc; path = BAAClient.m; sourceTree = "<group>"; };
		52299E201DE807ED00F04C86 /* BAAFile.h */ = {isa = PBXFileReference; fileEncoding = 4; lastKnownFileType = sourcecode.c.h; path = BAAFile.h; sourceTree = "<group>"; };
		52299E211DE807ED00F04C86 /* BAAFile.m */ = {isa = PBXFileReference; fileEncoding = 4; lastKnownFileType = sourcecode.c.objc; path = BAAFile.m; sourceTree = "<group>"; };
		52299E221DE807ED00F04C86 /* BAAGlobals.h */ = {isa = PBXFileReference; fileEncoding = 4; lastKnownFileType = sourcecode.c.h; path = BAAGlobals.h; sourceTree = "<group>"; };
		52299E231DE807ED00F04C86 /* BAAGlobals.m */ = {isa = PBXFileReference; fileEncoding = 4; lastKnownFileType = sourcecode.c.objc; path = BAAGlobals.m; sourceTree = "<group>"; };
		52299E241DE807ED00F04C86 /* BAAMutableURLRequest.h */ = {isa = PBXFileReference; fileEncoding = 4; lastKnownFileType = sourcecode.c.h; path = BAAMutableURLRequest.h; sourceTree = "<group>"; };
		52299E251DE807ED00F04C86 /* BAAMutableURLRequest.m */ = {isa = PBXFileReference; fileEncoding = 4; lastKnownFileType = sourcecode.c.objc; path = BAAMutableURLRequest.m; sourceTree = "<group>"; };
		52299E261DE807ED00F04C86 /* BAAObject.h */ = {isa = PBXFileReference; fileEncoding = 4; lastKnownFileType = sourcecode.c.h; path = BAAObject.h; sourceTree = "<group>"; };
		52299E271DE807ED00F04C86 /* BAAObject.m */ = {isa = PBXFileReference; fileEncoding = 4; lastKnownFileType = sourcecode.c.objc; path = BAAObject.m; sourceTree = "<group>"; };
		52299E281DE807ED00F04C86 /* BaasBox.h */ = {isa = PBXFileReference; fileEncoding = 4; lastKnownFileType = sourcecode.c.h; path = BaasBox.h; sourceTree = "<group>"; };
		52299E291DE807ED00F04C86 /* BaasBox.m */ = {isa = PBXFileReference; fileEncoding = 4; lastKnownFileType = sourcecode.c.objc; path = BaasBox.m; sourceTree = "<group>"; };
		52299E2A1DE807ED00F04C86 /* BAAUser.h */ = {isa = PBXFileReference; fileEncoding = 4; lastKnownFileType = sourcecode.c.h; path = BAAUser.h; sourceTree = "<group>"; };
		52299E2B1DE807ED00F04C86 /* BAAUser.m */ = {isa = PBXFileReference; fileEncoding = 4; lastKnownFileType = sourcecode.c.objc; path = BAAUser.m; sourceTree = "<group>"; };
		523074A81DC70C4F002EB030 /* User.swift */ = {isa = PBXFileReference; fileEncoding = 4; lastKnownFileType = sourcecode.swift; name = User.swift; path = Models/User.swift; sourceTree = "<group>"; };
		523074AC1DC71692002EB030 /* John_Challenge_Andrea.jpg */ = {isa = PBXFileReference; lastKnownFileType = image.jpeg; path = John_Challenge_Andrea.jpg; sourceTree = "<group>"; };
		523074AD1DC71692002EB030 /* John_Challenge_Anthony.jpg */ = {isa = PBXFileReference; lastKnownFileType = image.jpeg; path = John_Challenge_Anthony.jpg; sourceTree = "<group>"; };
		523074AE1DC71692002EB030 /* John_Challenge_Ashling.jpg */ = {isa = PBXFileReference; lastKnownFileType = image.jpeg; path = John_Challenge_Ashling.jpg; sourceTree = "<group>"; };
		523074AF1DC71692002EB030 /* John_Challenge_Peter.jpg */ = {isa = PBXFileReference; lastKnownFileType = image.jpeg; path = John_Challenge_Peter.jpg; sourceTree = "<group>"; };
		523074B01DC71692002EB030 /* John_Challenge.jpg */ = {isa = PBXFileReference; lastKnownFileType = image.jpeg; path = John_Challenge.jpg; sourceTree = "<group>"; };
		524540CE1EC43CFE006FF5EB /* ListChallengesNoFriendsTableViewDataSource.swift */ = {isa = PBXFileReference; fileEncoding = 4; lastKnownFileType = sourcecode.swift; name = ListChallengesNoFriendsTableViewDataSource.swift; path = Clean/Scenes/ListChallenges/ListChallengesNoFriendsTableViewDataSource.swift; sourceTree = "<group>"; };
		524540D01EC4498F006FF5EB /* FriendsBaasBoxStore.swift */ = {isa = PBXFileReference; fileEncoding = 4; lastKnownFileType = sourcecode.swift; name = FriendsBaasBoxStore.swift; path = Clean/Services/FriendsBaasBoxStore.swift; sourceTree = "<group>"; };
		5248BE0D1E58D85100538A50 /* KeychainConfiguration.swift */ = {isa = PBXFileReference; fileEncoding = 4; lastKnownFileType = sourcecode.swift; name = KeychainConfiguration.swift; path = Security/KeychainConfiguration.swift; sourceTree = "<group>"; };
		5248BE0E1E58D85100538A50 /* KeychainPasswordItem.swift */ = {isa = PBXFileReference; fileEncoding = 4; lastKnownFileType = sourcecode.swift; name = KeychainPasswordItem.swift; path = Security/KeychainPasswordItem.swift; sourceTree = "<group>"; };
		524B027F1EC2E601007DA5EA /* FriendsWorker.swift */ = {isa = PBXFileReference; fileEncoding = 4; lastKnownFileType = sourcecode.swift; name = FriendsWorker.swift; path = Clean/Workers/FriendsWorker.swift; sourceTree = "<group>"; };
		524B02811EC2E93A007DA5EA /* FriendsMemStore.swift */ = {isa = PBXFileReference; fileEncoding = 4; lastKnownFileType = sourcecode.swift; name = FriendsMemStore.swift; path = Clean/Services/FriendsMemStore.swift; sourceTree = "<group>"; };
		524D1DEC1DEA504000776A1D /* CameraOverlayView.xib */ = {isa = PBXFileReference; fileEncoding = 4; lastKnownFileType = file.xib; name = CameraOverlayView.xib; path = Clean/Scenes/SnapChallengeImage/CameraOverlayView.xib; sourceTree = "<group>"; };
		524D1DEE1DEA7F2E00776A1D /* PhotoPreviewView.xib */ = {isa = PBXFileReference; fileEncoding = 4; lastKnownFileType = file.xib; name = PhotoPreviewView.xib; path = Clean/Scenes/SnapChallengeImage/PhotoPreviewView.xib; sourceTree = "<group>"; };
		524D1DF01DEA7FED00776A1D /* PhotoPreviewViewController.swift */ = {isa = PBXFileReference; fileEncoding = 4; lastKnownFileType = sourcecode.swift; name = PhotoPreviewViewController.swift; path = Clean/Scenes/SnapChallengeImage/PhotoPreviewViewController.swift; sourceTree = "<group>"; };
		5257AE5C1F5E6F6F00CD2A33 /* ChangePasswordConfigurator.swift */ = {isa = PBXFileReference; fileEncoding = 4; lastKnownFileType = sourcecode.swift; lineEnding = 0; name = ChangePasswordConfigurator.swift; path = Clean/Scenes/ChangePassword/ChangePasswordConfigurator.swift; sourceTree = "<group>"; xcLanguageSpecificationIdentifier = xcode.lang.swift; };
		5257AE5D1F5E6F6F00CD2A33 /* ChangePasswordInteractor.swift */ = {isa = PBXFileReference; fileEncoding = 4; lastKnownFileType = sourcecode.swift; lineEnding = 0; name = ChangePasswordInteractor.swift; path = Clean/Scenes/ChangePassword/ChangePasswordInteractor.swift; sourceTree = "<group>"; xcLanguageSpecificationIdentifier = xcode.lang.swift; };
		5257AE5E1F5E6F6F00CD2A33 /* ChangePasswordModels.swift */ = {isa = PBXFileReference; fileEncoding = 4; lastKnownFileType = sourcecode.swift; lineEnding = 0; name = ChangePasswordModels.swift; path = Clean/Scenes/ChangePassword/ChangePasswordModels.swift; sourceTree = "<group>"; xcLanguageSpecificationIdentifier = xcode.lang.swift; };
		5257AE5F1F5E6F6F00CD2A33 /* ChangePasswordPresenter.swift */ = {isa = PBXFileReference; fileEncoding = 4; lastKnownFileType = sourcecode.swift; lineEnding = 0; name = ChangePasswordPresenter.swift; path = Clean/Scenes/ChangePassword/ChangePasswordPresenter.swift; sourceTree = "<group>"; xcLanguageSpecificationIdentifier = xcode.lang.swift; };
		5257AE601F5E6F6F00CD2A33 /* ChangePasswordRouter.swift */ = {isa = PBXFileReference; fileEncoding = 4; lastKnownFileType = sourcecode.swift; lineEnding = 0; name = ChangePasswordRouter.swift; path = Clean/Scenes/ChangePassword/ChangePasswordRouter.swift; sourceTree = "<group>"; xcLanguageSpecificationIdentifier = xcode.lang.swift; };
		5257AE611F5E6F6F00CD2A33 /* ChangePasswordViewController.swift */ = {isa = PBXFileReference; fileEncoding = 4; lastKnownFileType = sourcecode.swift; lineEnding = 0; name = ChangePasswordViewController.swift; path = Clean/Scenes/ChangePassword/ChangePasswordViewController.swift; sourceTree = "<group>"; xcLanguageSpecificationIdentifier = xcode.lang.swift; };
		5257D3361F8C012900A2E05D /* ValidationService.swift */ = {isa = PBXFileReference; lastKnownFileType = sourcecode.swift; name = ValidationService.swift; path = Clean/Services/ValidationService.swift; sourceTree = "<group>"; };
		5257D3381F92897600A2E05D /* AlertModel.swift */ = {isa = PBXFileReference; lastKnownFileType = sourcecode.swift; name = AlertModel.swift; path = Clean/Models/AlertModel.swift; sourceTree = "<group>"; };
		5257D33A1F928B6E00A2E05D /* AlertPresenter.swift */ = {isa = PBXFileReference; lastKnownFileType = sourcecode.swift; name = AlertPresenter.swift; path = Clean/Common/AlertPresenter.swift; sourceTree = "<group>"; };
		5257D33C1F9415AC00A2E05D /* BaasBoxConfig.plist */ = {isa = PBXFileReference; lastKnownFileType = text.plist.xml; path = BaasBoxConfig.plist; sourceTree = "<group>"; };
		52592FAF1F8B370A00D6202A /* PasswordVerificationConfigurator.swift */ = {isa = PBXFileReference; fileEncoding = 4; lastKnownFileType = sourcecode.swift; name = PasswordVerificationConfigurator.swift; path = Clean/Scenes/PasswordVerification/PasswordVerificationConfigurator.swift; sourceTree = "<group>"; };
		52592FB01F8B370A00D6202A /* PasswordVerificationInteractor.swift */ = {isa = PBXFileReference; fileEncoding = 4; lastKnownFileType = sourcecode.swift; name = PasswordVerificationInteractor.swift; path = Clean/Scenes/PasswordVerification/PasswordVerificationInteractor.swift; sourceTree = "<group>"; };
		52592FB11F8B370A00D6202A /* PasswordVerificationModels.swift */ = {isa = PBXFileReference; fileEncoding = 4; lastKnownFileType = sourcecode.swift; name = PasswordVerificationModels.swift; path = Clean/Scenes/PasswordVerification/PasswordVerificationModels.swift; sourceTree = "<group>"; };
		52592FB21F8B370A00D6202A /* PasswordVerificationPresenter.swift */ = {isa = PBXFileReference; fileEncoding = 4; lastKnownFileType = sourcecode.swift; name = PasswordVerificationPresenter.swift; path = Clean/Scenes/PasswordVerification/PasswordVerificationPresenter.swift; sourceTree = "<group>"; };
		52592FB31F8B370A00D6202A /* PasswordVerificationRouter.swift */ = {isa = PBXFileReference; fileEncoding = 4; lastKnownFileType = sourcecode.swift; name = PasswordVerificationRouter.swift; path = Clean/Scenes/PasswordVerification/PasswordVerificationRouter.swift; sourceTree = "<group>"; };
		52592FB41F8B370A00D6202A /* PasswordVerificationViewController.swift */ = {isa = PBXFileReference; fileEncoding = 4; lastKnownFileType = sourcecode.swift; name = PasswordVerificationViewController.swift; path = Clean/Scenes/PasswordVerification/PasswordVerificationViewController.swift; sourceTree = "<group>"; };
		5263CA4B1EA2D399001BA2E4 /* SignupUserConfigurator.swift */ = {isa = PBXFileReference; fileEncoding = 4; lastKnownFileType = sourcecode.swift; name = SignupUserConfigurator.swift; path = Clean/Scenes/SignupUser/SignupUserConfigurator.swift; sourceTree = "<group>"; };
		5263CA4C1EA2D399001BA2E4 /* SignupUserInteractor.swift */ = {isa = PBXFileReference; fileEncoding = 4; lastKnownFileType = sourcecode.swift; name = SignupUserInteractor.swift; path = Clean/Scenes/SignupUser/SignupUserInteractor.swift; sourceTree = "<group>"; };
		5263CA4D1EA2D399001BA2E4 /* SignupUserModels.swift */ = {isa = PBXFileReference; fileEncoding = 4; lastKnownFileType = sourcecode.swift; name = SignupUserModels.swift; path = Clean/Scenes/SignupUser/SignupUserModels.swift; sourceTree = "<group>"; };
		5263CA4E1EA2D399001BA2E4 /* SignupUserPresenter.swift */ = {isa = PBXFileReference; fileEncoding = 4; lastKnownFileType = sourcecode.swift; name = SignupUserPresenter.swift; path = Clean/Scenes/SignupUser/SignupUserPresenter.swift; sourceTree = "<group>"; };
		5263CA4F1EA2D399001BA2E4 /* SignupUserRouter.swift */ = {isa = PBXFileReference; fileEncoding = 4; lastKnownFileType = sourcecode.swift; name = SignupUserRouter.swift; path = Clean/Scenes/SignupUser/SignupUserRouter.swift; sourceTree = "<group>"; };
		5263CA501EA2D399001BA2E4 /* SignupUserViewController.swift */ = {isa = PBXFileReference; fileEncoding = 4; lastKnownFileType = sourcecode.swift; name = SignupUserViewController.swift; path = Clean/Scenes/SignupUser/SignupUserViewController.swift; sourceTree = "<group>"; };
		5263CA511EA2D399001BA2E4 /* SignupUserWorker.swift */ = {isa = PBXFileReference; fileEncoding = 4; lastKnownFileType = sourcecode.swift; name = SignupUserWorker.swift; path = Clean/Scenes/SignupUser/SignupUserWorker.swift; sourceTree = "<group>"; };
		5267D8D61E998E0100B94470 /* ListTakesConfigurator.swift */ = {isa = PBXFileReference; fileEncoding = 4; lastKnownFileType = sourcecode.swift; name = ListTakesConfigurator.swift; path = Clean/Scenes/ListTakes/ListTakesConfigurator.swift; sourceTree = "<group>"; };
		5267D8D71E998E0100B94470 /* ListTakesInteractor.swift */ = {isa = PBXFileReference; fileEncoding = 4; lastKnownFileType = sourcecode.swift; name = ListTakesInteractor.swift; path = Clean/Scenes/ListTakes/ListTakesInteractor.swift; sourceTree = "<group>"; };
		5267D8D81E998E0100B94470 /* ListTakesModels.swift */ = {isa = PBXFileReference; fileEncoding = 4; lastKnownFileType = sourcecode.swift; name = ListTakesModels.swift; path = Clean/Scenes/ListTakes/ListTakesModels.swift; sourceTree = "<group>"; };
		5267D8D91E998E0100B94470 /* ListTakesPresenter.swift */ = {isa = PBXFileReference; fileEncoding = 4; lastKnownFileType = sourcecode.swift; name = ListTakesPresenter.swift; path = Clean/Scenes/ListTakes/ListTakesPresenter.swift; sourceTree = "<group>"; };
		5267D8DA1E998E0100B94470 /* ListTakesRouter.swift */ = {isa = PBXFileReference; fileEncoding = 4; lastKnownFileType = sourcecode.swift; name = ListTakesRouter.swift; path = Clean/Scenes/ListTakes/ListTakesRouter.swift; sourceTree = "<group>"; };
		5267D8DB1E998E0100B94470 /* ListTakesViewController.swift */ = {isa = PBXFileReference; fileEncoding = 4; lastKnownFileType = sourcecode.swift; name = ListTakesViewController.swift; path = Clean/Scenes/ListTakes/ListTakesViewController.swift; sourceTree = "<group>"; };
		5267D8DC1E998E0100B94470 /* ListTakesWorker.swift */ = {isa = PBXFileReference; fileEncoding = 4; lastKnownFileType = sourcecode.swift; name = ListTakesWorker.swift; path = Clean/Scenes/ListTakes/ListTakesWorker.swift; sourceTree = "<group>"; };
		5267D8E41E9994BE00B94470 /* ListTakesCollectionViewDataSource.swift */ = {isa = PBXFileReference; fileEncoding = 4; lastKnownFileType = sourcecode.swift; name = ListTakesCollectionViewDataSource.swift; path = Clean/Scenes/ListTakes/ListTakesCollectionViewDataSource.swift; sourceTree = "<group>"; };
		5267D8E71E99965400B94470 /* TakeCollectionViewCell.swift */ = {isa = PBXFileReference; fileEncoding = 4; lastKnownFileType = sourcecode.swift; name = TakeCollectionViewCell.swift; path = Clean/Views/Take/TakeCollectionViewCell.swift; sourceTree = "<group>"; };
		5267D8E91E99968100B94470 /* TakeCollectionViewCell.xib */ = {isa = PBXFileReference; fileEncoding = 4; lastKnownFileType = file.xib; name = TakeCollectionViewCell.xib; path = Clean/Views/Take/TakeCollectionViewCell.xib; sourceTree = "<group>"; };
		5267D8EB1E99A04D00B94470 /* TakeDto.swift */ = {isa = PBXFileReference; fileEncoding = 4; lastKnownFileType = sourcecode.swift; name = TakeDto.swift; path = Models/TakeDto.swift; sourceTree = "<group>"; };
		5267D8ED1E9A8E1700B94470 /* TakesWorker.swift */ = {isa = PBXFileReference; fileEncoding = 4; lastKnownFileType = sourcecode.swift; name = TakesWorker.swift; path = Clean/Workers/TakesWorker.swift; sourceTree = "<group>"; };
		5267D8EF1E9A93DE00B94470 /* TakeMemStore.swift */ = {isa = PBXFileReference; fileEncoding = 4; lastKnownFileType = sourcecode.swift; name = TakeMemStore.swift; path = Clean/Services/TakeMemStore.swift; sourceTree = "<group>"; };
		526AF04D1DCFCE86003350B4 /* Ashling_Challenge_Andrea.jpg */ = {isa = PBXFileReference; lastKnownFileType = image.jpeg; path = Ashling_Challenge_Andrea.jpg; sourceTree = "<group>"; };
		526AF04E1DCFCE86003350B4 /* Ashling_Challenge_Anthony.jpg */ = {isa = PBXFileReference; lastKnownFileType = image.jpeg; path = Ashling_Challenge_Anthony.jpg; sourceTree = "<group>"; };
		526AF04F1DCFCE86003350B4 /* Ashling_Challenge_John.jpg */ = {isa = PBXFileReference; lastKnownFileType = image.jpeg; path = Ashling_Challenge_John.jpg; sourceTree = "<group>"; };
		526AF0501DCFCE86003350B4 /* Ashling_Challenge_Peter.jpg */ = {isa = PBXFileReference; lastKnownFileType = image.jpeg; path = Ashling_Challenge_Peter.jpg; sourceTree = "<group>"; };
		526AF0511DCFCE86003350B4 /* Ashling_Challenge.jpg */ = {isa = PBXFileReference; lastKnownFileType = image.jpeg; path = Ashling_Challenge.jpg; sourceTree = "<group>"; };
		52760BF41E9045270093B921 /* ChallengeDto.swift */ = {isa = PBXFileReference; fileEncoding = 4; lastKnownFileType = sourcecode.swift; name = ChallengeDto.swift; path = Models/ChallengeDto.swift; sourceTree = "<group>"; };
		52760BFD1E9058F80093B921 /* ListChallengesPresenter.swift */ = {isa = PBXFileReference; fileEncoding = 4; lastKnownFileType = sourcecode.swift; name = ListChallengesPresenter.swift; path = Clean/Scenes/ListChallenges/ListChallengesPresenter.swift; sourceTree = "<group>"; };
		52760BFE1E9058F80093B921 /* ListChallengesViewController.swift */ = {isa = PBXFileReference; fileEncoding = 4; lastKnownFileType = sourcecode.swift; name = ListChallengesViewController.swift; path = Clean/Scenes/ListChallenges/ListChallengesViewController.swift; sourceTree = "<group>"; };
		52760BFF1E9058F80093B921 /* ListChallengesInteractor.swift */ = {isa = PBXFileReference; fileEncoding = 4; lastKnownFileType = sourcecode.swift; name = ListChallengesInteractor.swift; path = Clean/Scenes/ListChallenges/ListChallengesInteractor.swift; sourceTree = "<group>"; };
		52760C001E9058F80093B921 /* ListChallengesModels.swift */ = {isa = PBXFileReference; fileEncoding = 4; lastKnownFileType = sourcecode.swift; name = ListChallengesModels.swift; path = Clean/Scenes/ListChallenges/ListChallengesModels.swift; sourceTree = "<group>"; };
		52760C011E9058F80093B921 /* ListChallengesNoChallengesTableViewDataSource.swift */ = {isa = PBXFileReference; fileEncoding = 4; lastKnownFileType = sourcecode.swift; name = ListChallengesNoChallengesTableViewDataSource.swift; path = Clean/Scenes/ListChallenges/ListChallengesNoChallengesTableViewDataSource.swift; sourceTree = "<group>"; };
		52760C021E9058F80093B921 /* ListChallengesConfigurator.swift */ = {isa = PBXFileReference; fileEncoding = 4; lastKnownFileType = sourcecode.swift; name = ListChallengesConfigurator.swift; path = Clean/Scenes/ListChallenges/ListChallengesConfigurator.swift; sourceTree = "<group>"; };
		52760C031E9058F80093B921 /* ListChallengesForFriendsTableViewDataSource.swift */ = {isa = PBXFileReference; fileEncoding = 4; lastKnownFileType = sourcecode.swift; name = ListChallengesForFriendsTableViewDataSource.swift; path = Clean/Scenes/ListChallenges/ListChallengesForFriendsTableViewDataSource.swift; sourceTree = "<group>"; };
		52760C041E9058F80093B921 /* ListChallengesForUserTableViewDataSource.swift */ = {isa = PBXFileReference; fileEncoding = 4; lastKnownFileType = sourcecode.swift; name = ListChallengesForUserTableViewDataSource.swift; path = Clean/Scenes/ListChallenges/ListChallengesForUserTableViewDataSource.swift; sourceTree = "<group>"; };
		52760C051E9058F80093B921 /* ListChallengesRouter.swift */ = {isa = PBXFileReference; fileEncoding = 4; lastKnownFileType = sourcecode.swift; name = ListChallengesRouter.swift; path = Clean/Scenes/ListChallenges/ListChallengesRouter.swift; sourceTree = "<group>"; };
		52760C061E9058F80093B921 /* ListChallengesWorker.swift */ = {isa = PBXFileReference; fileEncoding = 4; lastKnownFileType = sourcecode.swift; name = ListChallengesWorker.swift; path = Clean/Scenes/ListChallenges/ListChallengesWorker.swift; sourceTree = "<group>"; };
		52760C131E90591E0093B921 /* ChallengesMemStore.swift */ = {isa = PBXFileReference; fileEncoding = 4; lastKnownFileType = sourcecode.swift; name = ChallengesMemStore.swift; path = Clean/Services/ChallengesMemStore.swift; sourceTree = "<group>"; };
		52760C161E9059520093B921 /* EmptyChallengeTableViewCell.xib */ = {isa = PBXFileReference; fileEncoding = 4; lastKnownFileType = file.xib; name = EmptyChallengeTableViewCell.xib; path = Clean/Views/Challenge/EmptyChallengeTableViewCell.xib; sourceTree = "<group>"; };
		52760C171E9059520093B921 /* EmptyChallengeTableViewCell.swift */ = {isa = PBXFileReference; fileEncoding = 4; lastKnownFileType = sourcecode.swift; name = EmptyChallengeTableViewCell.swift; path = Clean/Views/Challenge/EmptyChallengeTableViewCell.swift; sourceTree = "<group>"; };
		52760C181E9059520093B921 /* ChallengeTableViewCell.xib */ = {isa = PBXFileReference; fileEncoding = 4; lastKnownFileType = file.xib; name = ChallengeTableViewCell.xib; path = Clean/Views/Challenge/ChallengeTableViewCell.xib; sourceTree = "<group>"; };
		52760C191E9059520093B921 /* ChallengeTableViewCell.swift */ = {isa = PBXFileReference; fileEncoding = 4; lastKnownFileType = sourcecode.swift; name = ChallengeTableViewCell.swift; path = Clean/Views/Challenge/ChallengeTableViewCell.swift; sourceTree = "<group>"; };
		52760C1E1E9059610093B921 /* ChallengesWorker.swift */ = {isa = PBXFileReference; fileEncoding = 4; lastKnownFileType = sourcecode.swift; name = ChallengesWorker.swift; path = Clean/Workers/ChallengesWorker.swift; sourceTree = "<group>"; };
		52760C201E9059880093B921 /* Main.storyboard */ = {isa = PBXFileReference; fileEncoding = 4; lastKnownFileType = file.storyboard; name = Main.storyboard; path = Clean/Main.storyboard; sourceTree = "<group>"; };
		52760C221E905EDB0093B921 /* ChallengesBaasBoxStore.swift */ = {isa = PBXFileReference; fileEncoding = 4; lastKnownFileType = sourcecode.swift; name = ChallengesBaasBoxStore.swift; path = Clean/Services/ChallengesBaasBoxStore.swift; sourceTree = "<group>"; };
		527FD5E91E0739F90023D420 /* LaunchScreen.xib */ = {isa = PBXFileReference; fileEncoding = 4; lastKnownFileType = file.xib; name = LaunchScreen.xib; path = Clean/Views/Main/LaunchScreen.xib; sourceTree = "<group>"; };
		528509881DC6F9470083CC55 /* YourTake.app */ = {isa = PBXFileReference; explicitFileType = wrapper.application; includeInIndex = 0; path = YourTake.app; sourceTree = BUILT_PRODUCTS_DIR; };
		5285098B1DC6F9470083CC55 /* AppDelegate.swift */ = {isa = PBXFileReference; lastKnownFileType = sourcecode.swift; name = AppDelegate.swift; path = Main/AppDelegate.swift; sourceTree = "<group>"; };
		528509921DC6F9470083CC55 /* Assets.xcassets */ = {isa = PBXFileReference; lastKnownFileType = folder.assetcatalog; path = Assets.xcassets; sourceTree = "<group>"; };
		528509971DC6F9470083CC55 /* Info.plist */ = {isa = PBXFileReference; lastKnownFileType = text.plist.xml; path = Info.plist; sourceTree = "<group>"; };
		5286FDC81F8BDEBE00A6244D /* Constants.swift */ = {isa = PBXFileReference; lastKnownFileType = sourcecode.swift; name = Constants.swift; path = Clean/Common/Constants.swift; sourceTree = "<group>"; };
		52881F281DF91F0A0034A77A /* SwipelessNavigationController.swift */ = {isa = PBXFileReference; fileEncoding = 4; lastKnownFileType = sourcecode.swift; name = SwipelessNavigationController.swift; path = Clean/Common/SwipelessNavigationController.swift; sourceTree = "<group>"; };
		529EFBB01E9F3A3D0054559B /* CreateTakeViewController.swift */ = {isa = PBXFileReference; fileEncoding = 4; lastKnownFileType = sourcecode.swift; name = CreateTakeViewController.swift; path = Clean/Scenes/CreateTake/CreateTakeViewController.swift; sourceTree = "<group>"; };
		529EFBB21E9F4E8D0054559B /* CreateTakeViewController.xib */ = {isa = PBXFileReference; fileEncoding = 4; lastKnownFileType = file.xib; name = CreateTakeViewController.xib; path = Clean/Scenes/CreateTake/CreateTakeViewController.xib; sourceTree = "<group>"; };
		529FB8371DE23AA800861826 /* ChallengeOptionsViewController.swift */ = {isa = PBXFileReference; fileEncoding = 4; lastKnownFileType = sourcecode.swift; name = ChallengeOptionsViewController.swift; path = Clean/Scenes/SetChallengeOptions/ChallengeOptionsViewController.swift; sourceTree = "<group>"; };
		52A0D1F01EA2EB7700292B23 /* SignupWorker.swift */ = {isa = PBXFileReference; fileEncoding = 4; lastKnownFileType = sourcecode.swift; name = SignupWorker.swift; path = Clean/Workers/SignupWorker.swift; sourceTree = "<group>"; };
		52A0D1F21EA2EC6400292B23 /* SignupBaasBoxStore.swift */ = {isa = PBXFileReference; fileEncoding = 4; lastKnownFileType = sourcecode.swift; name = SignupBaasBoxStore.swift; path = Clean/Services/SignupBaasBoxStore.swift; sourceTree = "<group>"; };
		52A0D1F71EA3430500292B23 /* UserSettingsViewController.swift */ = {isa = PBXFileReference; fileEncoding = 4; lastKnownFileType = sourcecode.swift; lineEnding = 0; name = UserSettingsViewController.swift; path = Clean/Scenes/UserSettings/UserSettingsViewController.swift; sourceTree = "<group>"; xcLanguageSpecificationIdentifier = xcode.lang.swift; };
		52A0D1FB1EA3482D00292B23 /* UserForgotLoginPasswordViewController.swift */ = {isa = PBXFileReference; fileEncoding = 4; lastKnownFileType = sourcecode.swift; name = UserForgotLoginPasswordViewController.swift; path = Clean/Scenes/UserForgotLoginPassword/UserForgotLoginPasswordViewController.swift; sourceTree = "<group>"; };
		52A48D291DD90631005A89B8 /* DrawPathsView.swift */ = {isa = PBXFileReference; fileEncoding = 4; lastKnownFileType = sourcecode.swift; name = DrawPathsView.swift; path = Clean/Views/Drawing/DrawPathsView.swift; sourceTree = "<group>"; };
		52A868801E63687100F26F31 /* FriendSelectionTracker.swift */ = {isa = PBXFileReference; fileEncoding = 4; lastKnownFileType = sourcecode.swift; name = FriendSelectionTracker.swift; path = Models/FriendSelectionTracker.swift; sourceTree = "<group>"; };
		52A868821E63E20B00F26F31 /* ChallengeOptionsViewController.xib */ = {isa = PBXFileReference; fileEncoding = 4; lastKnownFileType = file.xib; name = ChallengeOptionsViewController.xib; path = Clean/Scenes/SetChallengeOptions/ChallengeOptionsViewController.xib; sourceTree = "<group>"; };
		52AD64121EA441E700774D5D /* FriendPickerCell.swift */ = {isa = PBXFileReference; fileEncoding = 4; lastKnownFileType = sourcecode.swift; name = FriendPickerCell.swift; path = Clean/Scenes/SetChallengeOptions/FriendPickerCell.swift; sourceTree = "<group>"; };
		52AD64131EA441E700774D5D /* FriendPickerCell.xib */ = {isa = PBXFileReference; fileEncoding = 4; lastKnownFileType = file.xib; name = FriendPickerCell.xib; path = Clean/Scenes/SetChallengeOptions/FriendPickerCell.xib; sourceTree = "<group>"; };
		52B682BC1EA296C400DBB0A4 /* DisplayTakeViewController.swift */ = {isa = PBXFileReference; fileEncoding = 4; lastKnownFileType = sourcecode.swift; name = DisplayTakeViewController.swift; path = Clean/Scenes/DisplayTake/DisplayTakeViewController.swift; sourceTree = "<group>"; };
		52B682BD1EA296C400DBB0A4 /* DisplayTakeViewController.xib */ = {isa = PBXFileReference; fileEncoding = 4; lastKnownFileType = file.xib; name = DisplayTakeViewController.xib; path = Clean/Scenes/DisplayTake/DisplayTakeViewController.xib; sourceTree = "<group>"; };
		52B682BE1EA296C400DBB0A4 /* DisplayTakeModels.swift */ = {isa = PBXFileReference; fileEncoding = 4; lastKnownFileType = sourcecode.swift; name = DisplayTakeModels.swift; path = Clean/Scenes/DisplayTake/DisplayTakeModels.swift; sourceTree = "<group>"; };
		52B682DF1EA29BFE00DBB0A4 /* UserLoginConfigurator.swift */ = {isa = PBXFileReference; fileEncoding = 4; lastKnownFileType = sourcecode.swift; name = UserLoginConfigurator.swift; path = Clean/Scenes/UserLogin/UserLoginConfigurator.swift; sourceTree = "<group>"; };
		52B682E01EA29BFE00DBB0A4 /* UserLoginInteractor.swift */ = {isa = PBXFileReference; fileEncoding = 4; lastKnownFileType = sourcecode.swift; name = UserLoginInteractor.swift; path = Clean/Scenes/UserLogin/UserLoginInteractor.swift; sourceTree = "<group>"; };
		52B682E11EA29BFE00DBB0A4 /* UserLoginModels.swift */ = {isa = PBXFileReference; fileEncoding = 4; lastKnownFileType = sourcecode.swift; name = UserLoginModels.swift; path = Clean/Scenes/UserLogin/UserLoginModels.swift; sourceTree = "<group>"; };
		52B682E21EA29BFE00DBB0A4 /* UserLoginPresenter.swift */ = {isa = PBXFileReference; fileEncoding = 4; lastKnownFileType = sourcecode.swift; name = UserLoginPresenter.swift; path = Clean/Scenes/UserLogin/UserLoginPresenter.swift; sourceTree = "<group>"; };
		52B682E31EA29BFE00DBB0A4 /* UserLoginRouter.swift */ = {isa = PBXFileReference; fileEncoding = 4; lastKnownFileType = sourcecode.swift; name = UserLoginRouter.swift; path = Clean/Scenes/UserLogin/UserLoginRouter.swift; sourceTree = "<group>"; };
		52B682E41EA29BFE00DBB0A4 /* UserLoginViewController.swift */ = {isa = PBXFileReference; fileEncoding = 4; lastKnownFileType = sourcecode.swift; name = UserLoginViewController.swift; path = Clean/Scenes/UserLogin/UserLoginViewController.swift; sourceTree = "<group>"; };
		52B682E51EA29BFE00DBB0A4 /* UserLoginWorker.swift */ = {isa = PBXFileReference; fileEncoding = 4; lastKnownFileType = sourcecode.swift; name = UserLoginWorker.swift; path = Clean/Scenes/UserLogin/UserLoginWorker.swift; sourceTree = "<group>"; };
		52B682ED1EA29FFF00DBB0A4 /* LoginWorker.swift */ = {isa = PBXFileReference; fileEncoding = 4; lastKnownFileType = sourcecode.swift; name = LoginWorker.swift; path = Clean/Workers/LoginWorker.swift; sourceTree = "<group>"; };
		52B682EF1EA2A19E00DBB0A4 /* LoginMemStore.swift */ = {isa = PBXFileReference; fileEncoding = 4; lastKnownFileType = sourcecode.swift; name = LoginMemStore.swift; path = Clean/Services/LoginMemStore.swift; sourceTree = "<group>"; };
		52B682F11EA2A1E600DBB0A4 /* LoginBaasBoxStore.swift */ = {isa = PBXFileReference; fileEncoding = 4; lastKnownFileType = sourcecode.swift; name = LoginBaasBoxStore.swift; path = Clean/Services/LoginBaasBoxStore.swift; sourceTree = "<group>"; };
		52BD8B6B1EA43464005B142C /* FriendViewController.swift */ = {isa = PBXFileReference; fileEncoding = 4; lastKnownFileType = sourcecode.swift; name = FriendViewController.swift; path = Clean/Scenes/AddFriends/FriendViewController.swift; sourceTree = "<group>"; };
		52DC0AC61DCA3BEB00DA2BDC /* John_Challenge_2.jpg */ = {isa = PBXFileReference; lastKnownFileType = image.jpeg; path = John_Challenge_2.jpg; sourceTree = "<group>"; };
/* End PBXFileReference section */

/* Begin PBXFrameworksBuildPhase section */
		528509851DC6F9470083CC55 /* Frameworks */ = {
			isa = PBXFrameworksBuildPhase;
			buildActionMask = 2147483647;
			files = (
			);
			runOnlyForDeploymentPostprocessing = 0;
		};
/* End PBXFrameworksBuildPhase section */

/* Begin PBXGroup section */
		332283EA1E05D5E4008647E4 /* Stores */ = {
			isa = PBXGroup;
			children = (
				332283F41E072D76008647E4 /* Local */,
				332283EB1E05D5E4008647E4 /* BaasBox */,
				332283EF1E05D5E4008647E4 /* BaClient.swift */,
			);
			path = Stores;
			sourceTree = "<group>";
		};
		332283EB1E05D5E4008647E4 /* BaasBox */ = {
			isa = PBXGroup;
			children = (
				332283ED1E05D5E4008647E4 /* BaasBoxClient.swift */,
				332283EC1E05D5E4008647E4 /* BaasBoxChallenge.swift */,
				332283EE1E05D5E4008647E4 /* BaasBoxTake.swift */,
				33E3AA8B1E2ACF6D00C5D05A /* BaasBoxUser.swift */,
				5257D33C1F9415AC00A2E05D /* BaasBoxConfig.plist */,
			);
			path = BaasBox;
			sourceTree = "<group>";
		};
		332283F41E072D76008647E4 /* Local */ = {
			isa = PBXGroup;
			children = (
				332283F81E072F12008647E4 /* LocalClient.swift */,
			);
			path = Local;
			sourceTree = "<group>";
		};
		520E2BEA1EA4398E00A5713C /* SnapChallengeImage */ = {
			isa = PBXGroup;
			children = (
				524D1DF01DEA7FED00776A1D /* PhotoPreviewViewController.swift */,
				524D1DEE1DEA7F2E00776A1D /* PhotoPreviewView.xib */,
				524D1DEC1DEA504000776A1D /* CameraOverlayView.xib */,
			);
			name = SnapChallengeImage;
			sourceTree = "<group>";
		};
		52299E1C1DE807CD00F04C86 /* BaasBox-iOS-SDK */ = {
			isa = PBXGroup;
			children = (
				52299E1E1DE807ED00F04C86 /* BAAClient.h */,
				52299E1F1DE807ED00F04C86 /* BAAClient.m */,
				52299E201DE807ED00F04C86 /* BAAFile.h */,
				52299E211DE807ED00F04C86 /* BAAFile.m */,
				52299E221DE807ED00F04C86 /* BAAGlobals.h */,
				52299E231DE807ED00F04C86 /* BAAGlobals.m */,
				52299E241DE807ED00F04C86 /* BAAMutableURLRequest.h */,
				52299E251DE807ED00F04C86 /* BAAMutableURLRequest.m */,
				52299E261DE807ED00F04C86 /* BAAObject.h */,
				52299E271DE807ED00F04C86 /* BAAObject.m */,
				52299E281DE807ED00F04C86 /* BaasBox.h */,
				52299E291DE807ED00F04C86 /* BaasBox.m */,
				52299E2A1DE807ED00F04C86 /* BAAUser.h */,
				52299E2B1DE807ED00F04C86 /* BAAUser.m */,
			);
			path = "BaasBox-iOS-SDK";
			sourceTree = "<group>";
		};
		5248BE031E56CD9800538A50 /* Security */ = {
			isa = PBXGroup;
			children = (
				5248BE0D1E58D85100538A50 /* KeychainConfiguration.swift */,
				5248BE0E1E58D85100538A50 /* KeychainPasswordItem.swift */,
			);
			name = Security;
			sourceTree = "<group>";
		};
		5257AE3F1F5E6DF500CD2A33 /* ChangePassword */ = {
			isa = PBXGroup;
			children = (
				5257AE5C1F5E6F6F00CD2A33 /* ChangePasswordConfigurator.swift */,
				5257AE5D1F5E6F6F00CD2A33 /* ChangePasswordInteractor.swift */,
				5257AE5E1F5E6F6F00CD2A33 /* ChangePasswordModels.swift */,
				5257AE5F1F5E6F6F00CD2A33 /* ChangePasswordPresenter.swift */,
				5257AE601F5E6F6F00CD2A33 /* ChangePasswordRouter.swift */,
				5257AE611F5E6F6F00CD2A33 /* ChangePasswordViewController.swift */,
			);
			name = ChangePassword;
			sourceTree = "<group>";
		};
		5257D33E1F9426E500A2E05D /* Stores */ = {
			isa = PBXGroup;
			children = (
			);
			name = Stores;
			sourceTree = "<group>";
		};
		52592FAE1F8B36A200D6202A /* PasswordVerification */ = {
			isa = PBXGroup;
			children = (
				52592FAF1F8B370A00D6202A /* PasswordVerificationConfigurator.swift */,
				52592FB01F8B370A00D6202A /* PasswordVerificationInteractor.swift */,
				52592FB11F8B370A00D6202A /* PasswordVerificationModels.swift */,
				52592FB21F8B370A00D6202A /* PasswordVerificationPresenter.swift */,
				52592FB31F8B370A00D6202A /* PasswordVerificationRouter.swift */,
				52592FB41F8B370A00D6202A /* PasswordVerificationViewController.swift */,
			);
			name = PasswordVerification;
			sourceTree = "<group>";
		};
		5263CA4A1EA2D36E001BA2E4 /* SignupUser */ = {
			isa = PBXGroup;
			children = (
				5263CA501EA2D399001BA2E4 /* SignupUserViewController.swift */,
				5263CA4C1EA2D399001BA2E4 /* SignupUserInteractor.swift */,
				5263CA4E1EA2D399001BA2E4 /* SignupUserPresenter.swift */,
				5263CA4F1EA2D399001BA2E4 /* SignupUserRouter.swift */,
				5263CA4D1EA2D399001BA2E4 /* SignupUserModels.swift */,
				5263CA511EA2D399001BA2E4 /* SignupUserWorker.swift */,
				5263CA4B1EA2D399001BA2E4 /* SignupUserConfigurator.swift */,
			);
			name = SignupUser;
			sourceTree = "<group>";
		};
		5267D8D31E91283300B94470 /* ListTakes */ = {
			isa = PBXGroup;
			children = (
				5267D8DB1E998E0100B94470 /* ListTakesViewController.swift */,
				5267D8D71E998E0100B94470 /* ListTakesInteractor.swift */,
				5267D8D91E998E0100B94470 /* ListTakesPresenter.swift */,
				5267D8D61E998E0100B94470 /* ListTakesConfigurator.swift */,
				5267D8DA1E998E0100B94470 /* ListTakesRouter.swift */,
				5267D8DC1E998E0100B94470 /* ListTakesWorker.swift */,
				5267D8D81E998E0100B94470 /* ListTakesModels.swift */,
				5267D8E41E9994BE00B94470 /* ListTakesCollectionViewDataSource.swift */,
			);
			name = ListTakes;
			sourceTree = "<group>";
		};
		5267D8E61E99961400B94470 /* Take */ = {
			isa = PBXGroup;
			children = (
				5267D8E71E99965400B94470 /* TakeCollectionViewCell.swift */,
				5267D8E91E99968100B94470 /* TakeCollectionViewCell.xib */,
			);
			name = Take;
			sourceTree = "<group>";
		};
		52760BF61E90586D0093B921 /* Clean */ = {
			isa = PBXGroup;
			children = (
				52760C201E9059880093B921 /* Main.storyboard */,
				52BD8B671EA42FDF005B142C /* Common */,
				52760BF81E9058910093B921 /* Scenes */,
				52760BF71E90588A0093B921 /* Models */,
				52760BFB1E9058A60093B921 /* Workers */,
				52760BFA1E90589E0093B921 /* Views */,
				52760BF91E9058980093B921 /* Services */,
				5257D33E1F9426E500A2E05D /* Stores */,
			);
			name = Clean;
			sourceTree = "<group>";
		};
		52760BF71E90588A0093B921 /* Models */ = {
			isa = PBXGroup;
			children = (
				5257D3381F92897600A2E05D /* AlertModel.swift */,
			);
			name = Models;
			sourceTree = "<group>";
		};
		52760BF81E9058910093B921 /* Scenes */ = {
			isa = PBXGroup;
			children = (
				52592FAE1F8B36A200D6202A /* PasswordVerification */,
				5257AE3F1F5E6DF500CD2A33 /* ChangePassword */,
				52AD64101EA440CA00774D5D /* SetChallengeOptions */,
				520E2BEA1EA4398E00A5713C /* SnapChallengeImage */,
				52BD8B6A1EA43422005B142C /* AddFriends */,
				52A0D1FA1EA3475600292B23 /* UserForgotLoginPassword */,
				52A0D1F41EA3425900292B23 /* UserSettings */,
				5263CA4A1EA2D36E001BA2E4 /* SignupUser */,
				52B682C21EA2978900DBB0A4 /* UserLogin */,
				52B682BB1EA296B200DBB0A4 /* DisplayTake */,
				529EFBAD1E9F395C0054559B /* CreateTake */,
				5267D8D31E91283300B94470 /* ListTakes */,
				52760BFC1E9058E40093B921 /* ListChallenges */,
			);
			name = Scenes;
			sourceTree = "<group>";
		};
		52760BF91E9058980093B921 /* Services */ = {
			isa = PBXGroup;
			children = (
				52760C131E90591E0093B921 /* ChallengesMemStore.swift */,
				52760C221E905EDB0093B921 /* ChallengesBaasBoxStore.swift */,
				5267D8EF1E9A93DE00B94470 /* TakeMemStore.swift */,
				520655151E9B47D80048A575 /* TakeBaasBoxStore.swift */,
				52B682EF1EA2A19E00DBB0A4 /* LoginMemStore.swift */,
				52B682F11EA2A1E600DBB0A4 /* LoginBaasBoxStore.swift */,
				52A0D1F21EA2EC6400292B23 /* SignupBaasBoxStore.swift */,
				524B02811EC2E93A007DA5EA /* FriendsMemStore.swift */,
				524540D01EC4498F006FF5EB /* FriendsBaasBoxStore.swift */,
				5257D3361F8C012900A2E05D /* ValidationService.swift */,
			);
			name = Services;
			sourceTree = "<group>";
		};
		52760BFA1E90589E0093B921 /* Views */ = {
			isa = PBXGroup;
			children = (
				52AD64111EA4413D00774D5D /* Main */,
				52A0D1F91EA344E900292B23 /* Drawing */,
				5267D8E61E99961400B94470 /* Take */,
				52760C151E90592F0093B921 /* Challenge */,
			);
			name = Views;
			sourceTree = "<group>";
		};
		52760BFB1E9058A60093B921 /* Workers */ = {
			isa = PBXGroup;
			children = (
				52760C1E1E9059610093B921 /* ChallengesWorker.swift */,
				5267D8ED1E9A8E1700B94470 /* TakesWorker.swift */,
				52B682ED1EA29FFF00DBB0A4 /* LoginWorker.swift */,
				52A0D1F01EA2EB7700292B23 /* SignupWorker.swift */,
				524B027F1EC2E601007DA5EA /* FriendsWorker.swift */,
			);
			name = Workers;
			sourceTree = "<group>";
		};
		52760BFC1E9058E40093B921 /* ListChallenges */ = {
			isa = PBXGroup;
			children = (
				52760BFE1E9058F80093B921 /* ListChallengesViewController.swift */,
				52760BFF1E9058F80093B921 /* ListChallengesInteractor.swift */,
				52760BFD1E9058F80093B921 /* ListChallengesPresenter.swift */,
				52760C021E9058F80093B921 /* ListChallengesConfigurator.swift */,
				52760C051E9058F80093B921 /* ListChallengesRouter.swift */,
				52760C061E9058F80093B921 /* ListChallengesWorker.swift */,
				52760C001E9058F80093B921 /* ListChallengesModels.swift */,
				52760C011E9058F80093B921 /* ListChallengesNoChallengesTableViewDataSource.swift */,
				52760C031E9058F80093B921 /* ListChallengesForFriendsTableViewDataSource.swift */,
				52760C041E9058F80093B921 /* ListChallengesForUserTableViewDataSource.swift */,
				524540CE1EC43CFE006FF5EB /* ListChallengesNoFriendsTableViewDataSource.swift */,
			);
			name = ListChallenges;
			sourceTree = "<group>";
		};
		52760C151E90592F0093B921 /* Challenge */ = {
			isa = PBXGroup;
			children = (
				521BC6BD1E66A3210083D6E6 /* NoFriendsCell.xib */,
				521BC6BF1E66A4270083D6E6 /* NoFriendsCell.swift */,
				52760C161E9059520093B921 /* EmptyChallengeTableViewCell.xib */,
				52760C171E9059520093B921 /* EmptyChallengeTableViewCell.swift */,
				52760C181E9059520093B921 /* ChallengeTableViewCell.xib */,
				52760C191E9059520093B921 /* ChallengeTableViewCell.swift */,
			);
			name = Challenge;
			sourceTree = "<group>";
		};
		5285097F1DC6F9470083CC55 = {
			isa = PBXGroup;
			children = (
				5285098A1DC6F9470083CC55 /* YourTake */,
				528509891DC6F9470083CC55 /* Products */,
			);
			sourceTree = "<group>";
			wrapsLines = 1;
		};
		528509891DC6F9470083CC55 /* Products */ = {
			isa = PBXGroup;
			children = (
				528509881DC6F9470083CC55 /* YourTake.app */,
			);
			name = Products;
			sourceTree = "<group>";
		};
		5285098A1DC6F9470083CC55 /* YourTake */ = {
			isa = PBXGroup;
			children = (
				52760BF61E90586D0093B921 /* Clean */,
				5248BE031E56CD9800538A50 /* Security */,
				52299E1D1DE807EC00F04C86 /* YourTake-Bridging-Header.h */,
				528509971DC6F9470083CC55 /* Info.plist */,
				5285099D1DC6F98A0083CC55 /* Main */,
				332283EA1E05D5E4008647E4 /* Stores */,
				5285099E1DC6F9940083CC55 /* Models */,
				528509A11DC6F9B40083CC55 /* Supporting Files */,
				52299E1C1DE807CD00F04C86 /* BaasBox-iOS-SDK */,
			);
			path = YourTake;
			sourceTree = "<group>";
		};
		5285099D1DC6F98A0083CC55 /* Main */ = {
			isa = PBXGroup;
			children = (
				5285098B1DC6F9470083CC55 /* AppDelegate.swift */,
			);
			name = Main;
			sourceTree = "<group>";
		};
		5285099E1DC6F9940083CC55 /* Models */ = {
			isa = PBXGroup;
			children = (
				523074A81DC70C4F002EB030 /* User.swift */,
				33E3AA4C1E248EA600C5D05A /* Backend.swift */,
				52A868801E63687100F26F31 /* FriendSelectionTracker.swift */,
				52760BF41E9045270093B921 /* ChallengeDto.swift */,
				5267D8EB1E99A04D00B94470 /* TakeDto.swift */,
			);
			name = Models;
			sourceTree = "<group>";
		};
		528509A11DC6F9B40083CC55 /* Supporting Files */ = {
			isa = PBXGroup;
			children = (
				526AF04D1DCFCE86003350B4 /* Ashling_Challenge_Andrea.jpg */,
				526AF04E1DCFCE86003350B4 /* Ashling_Challenge_Anthony.jpg */,
				526AF04F1DCFCE86003350B4 /* Ashling_Challenge_John.jpg */,
				526AF0501DCFCE86003350B4 /* Ashling_Challenge_Peter.jpg */,
				526AF0511DCFCE86003350B4 /* Ashling_Challenge.jpg */,
				52DC0AC61DCA3BEB00DA2BDC /* John_Challenge_2.jpg */,
				523074AC1DC71692002EB030 /* John_Challenge_Andrea.jpg */,
				523074AD1DC71692002EB030 /* John_Challenge_Anthony.jpg */,
				523074AE1DC71692002EB030 /* John_Challenge_Ashling.jpg */,
				523074AF1DC71692002EB030 /* John_Challenge_Peter.jpg */,
				523074B01DC71692002EB030 /* John_Challenge.jpg */,
				528509921DC6F9470083CC55 /* Assets.xcassets */,
			);
			path = "Supporting Files";
			sourceTree = "<group>";
		};
		529EFBAD1E9F395C0054559B /* CreateTake */ = {
			isa = PBXGroup;
			children = (
				529EFBB21E9F4E8D0054559B /* CreateTakeViewController.xib */,
				529EFBB01E9F3A3D0054559B /* CreateTakeViewController.swift */,
			);
			name = CreateTake;
			sourceTree = "<group>";
		};
		52A0D1F41EA3425900292B23 /* UserSettings */ = {
			isa = PBXGroup;
			children = (
				52A0D1F71EA3430500292B23 /* UserSettingsViewController.swift */,
			);
			name = UserSettings;
			sourceTree = "<group>";
		};
		52A0D1F91EA344E900292B23 /* Drawing */ = {
			isa = PBXGroup;
			children = (
				52A48D291DD90631005A89B8 /* DrawPathsView.swift */,
			);
			name = Drawing;
			sourceTree = "<group>";
		};
		52A0D1FA1EA3475600292B23 /* UserForgotLoginPassword */ = {
			isa = PBXGroup;
			children = (
				52A0D1FB1EA3482D00292B23 /* UserForgotLoginPasswordViewController.swift */,
			);
			name = UserForgotLoginPassword;
			sourceTree = "<group>";
		};
		52AD64101EA440CA00774D5D /* SetChallengeOptions */ = {
			isa = PBXGroup;
			children = (
				52AD64121EA441E700774D5D /* FriendPickerCell.swift */,
				52AD64131EA441E700774D5D /* FriendPickerCell.xib */,
				529FB8371DE23AA800861826 /* ChallengeOptionsViewController.swift */,
				52A868821E63E20B00F26F31 /* ChallengeOptionsViewController.xib */,
			);
			name = SetChallengeOptions;
			sourceTree = "<group>";
		};
		52AD64111EA4413D00774D5D /* Main */ = {
			isa = PBXGroup;
			children = (
				527FD5E91E0739F90023D420 /* LaunchScreen.xib */,
			);
			name = Main;
			sourceTree = "<group>";
		};
		52B682BB1EA296B200DBB0A4 /* DisplayTake */ = {
			isa = PBXGroup;
			children = (
				52B682BC1EA296C400DBB0A4 /* DisplayTakeViewController.swift */,
				52B682BD1EA296C400DBB0A4 /* DisplayTakeViewController.xib */,
				52B682BE1EA296C400DBB0A4 /* DisplayTakeModels.swift */,
			);
			name = DisplayTake;
			sourceTree = "<group>";
		};
		52B682C21EA2978900DBB0A4 /* UserLogin */ = {
			isa = PBXGroup;
			children = (
				52B682E41EA29BFE00DBB0A4 /* UserLoginViewController.swift */,
				52B682E01EA29BFE00DBB0A4 /* UserLoginInteractor.swift */,
				52B682E21EA29BFE00DBB0A4 /* UserLoginPresenter.swift */,
				52B682E31EA29BFE00DBB0A4 /* UserLoginRouter.swift */,
				52B682DF1EA29BFE00DBB0A4 /* UserLoginConfigurator.swift */,
				52B682E11EA29BFE00DBB0A4 /* UserLoginModels.swift */,
				52B682E51EA29BFE00DBB0A4 /* UserLoginWorker.swift */,
			);
			name = UserLogin;
			sourceTree = "<group>";
		};
		52BD8B671EA42FDF005B142C /* Common */ = {
			isa = PBXGroup;
			children = (
				52881F281DF91F0A0034A77A /* SwipelessNavigationController.swift */,
				5286FDC81F8BDEBE00A6244D /* Constants.swift */,
				5257D33A1F928B6E00A2E05D /* AlertPresenter.swift */,
			);
			name = Common;
			sourceTree = "<group>";
		};
		52BD8B6A1EA43422005B142C /* AddFriends */ = {
			isa = PBXGroup;
			children = (
				52BD8B6B1EA43464005B142C /* FriendViewController.swift */,
				520E2BE81EA4364600A5713C /* FriendNameTableViewCell.swift */,
			);
			name = AddFriends;
			sourceTree = "<group>";
		};
/* End PBXGroup section */

/* Begin PBXNativeTarget section */
		528509871DC6F9470083CC55 /* YourTake */ = {
			isa = PBXNativeTarget;
			buildConfigurationList = 5285099A1DC6F9470083CC55 /* Build configuration list for PBXNativeTarget "YourTake" */;
			buildPhases = (
				528509841DC6F9470083CC55 /* Sources */,
				528509851DC6F9470083CC55 /* Frameworks */,
				528509861DC6F9470083CC55 /* Resources */,
			);
			buildRules = (
			);
			dependencies = (
			);
			name = YourTake;
			productName = YourTake;
			productReference = 528509881DC6F9470083CC55 /* YourTake.app */;
			productType = "com.apple.product-type.application";
		};
/* End PBXNativeTarget section */

/* Begin PBXProject section */
		528509801DC6F9470083CC55 /* Project object */ = {
			isa = PBXProject;
			attributes = {
				LastSwiftUpdateCheck = 0810;
				LastUpgradeCheck = 0820;
				ORGANIZATIONNAME = "Enovi Inc.";
				TargetAttributes = {
					528509871DC6F9470083CC55 = {
						CreatedOnToolsVersion = 8.1;
						DevelopmentTeam = A99NKDYD4J;
						LastSwiftMigration = 0810;
						ProvisioningStyle = Automatic;
					};
				};
			};
			buildConfigurationList = 528509831DC6F9470083CC55 /* Build configuration list for PBXProject "YourTake" */;
			compatibilityVersion = "Xcode 3.2";
			developmentRegion = English;
			hasScannedForEncodings = 0;
			knownRegions = (
				en,
				Base,
			);
			mainGroup = 5285097F1DC6F9470083CC55;
			productRefGroup = 528509891DC6F9470083CC55 /* Products */;
			projectDirPath = "";
			projectRoot = "";
			targets = (
				528509871DC6F9470083CC55 /* YourTake */,
			);
		};
/* End PBXProject section */

/* Begin PBXResourcesBuildPhase section */
		528509861DC6F9470083CC55 /* Resources */ = {
			isa = PBXResourcesBuildPhase;
			buildActionMask = 2147483647;
			files = (
				524D1DED1DEA504000776A1D /* CameraOverlayView.xib in Resources */,
				523074B21DC71692002EB030 /* John_Challenge_Anthony.jpg in Resources */,
				52DC0AC71DCA3BEB00DA2BDC /* John_Challenge_2.jpg in Resources */,
				5257D33D1F9415AC00A2E05D /* BaasBoxConfig.plist in Resources */,
				527FD5EA1E0739F90023D420 /* LaunchScreen.xib in Resources */,
				526AF0531DCFCE86003350B4 /* Ashling_Challenge_Anthony.jpg in Resources */,
				528509931DC6F9470083CC55 /* Assets.xcassets in Resources */,
				524D1DEF1DEA7F2E00776A1D /* PhotoPreviewView.xib in Resources */,
				52760C211E9059880093B921 /* Main.storyboard in Resources */,
				526AF0521DCFCE86003350B4 /* Ashling_Challenge_Andrea.jpg in Resources */,
				52A868831E63E20B00F26F31 /* ChallengeOptionsViewController.xib in Resources */,
				52760C1A1E9059520093B921 /* EmptyChallengeTableViewCell.xib in Resources */,
				52AD64151EA441E700774D5D /* FriendPickerCell.xib in Resources */,
				526AF0541DCFCE86003350B4 /* Ashling_Challenge_John.jpg in Resources */,
				52B682C01EA296C400DBB0A4 /* DisplayTakeViewController.xib in Resources */,
				526AF0551DCFCE86003350B4 /* Ashling_Challenge_Peter.jpg in Resources */,
				5267D8EA1E99968100B94470 /* TakeCollectionViewCell.xib in Resources */,
				529EFBB31E9F4E8D0054559B /* CreateTakeViewController.xib in Resources */,
				523074B51DC71692002EB030 /* John_Challenge.jpg in Resources */,
				521BC6BE1E66A3210083D6E6 /* NoFriendsCell.xib in Resources */,
				523074B41DC71692002EB030 /* John_Challenge_Peter.jpg in Resources */,
				52760C1C1E9059520093B921 /* ChallengeTableViewCell.xib in Resources */,
				526AF0561DCFCE86003350B4 /* Ashling_Challenge.jpg in Resources */,
				523074B11DC71692002EB030 /* John_Challenge_Andrea.jpg in Resources */,
				523074B31DC71692002EB030 /* John_Challenge_Ashling.jpg in Resources */,
			);
			runOnlyForDeploymentPostprocessing = 0;
		};
/* End PBXResourcesBuildPhase section */

/* Begin PBXSourcesBuildPhase section */
		528509841DC6F9470083CC55 /* Sources */ = {
			isa = PBXSourcesBuildPhase;
			buildActionMask = 2147483647;
			files = (
				52760C1F1E9059610093B921 /* ChallengesWorker.swift in Sources */,
				524D1DF11DEA7FED00776A1D /* PhotoPreviewViewController.swift in Sources */,
				5257AE671F5E6F6F00CD2A33 /* ChangePasswordRouter.swift in Sources */,
				52299E2C1DE807ED00F04C86 /* BAAClient.m in Sources */,
				52592FB61F8B370A00D6202A /* PasswordVerificationConfigurator.swift in Sources */,
				5267D8E11E998E0100B94470 /* ListTakesRouter.swift in Sources */,
				52B682BF1EA296C400DBB0A4 /* DisplayTakeViewController.swift in Sources */,
				52760C0C1E9058F80093B921 /* ListChallengesConfigurator.swift in Sources */,
				332283F91E072F12008647E4 /* LocalClient.swift in Sources */,
				52B682EE1EA29FFF00DBB0A4 /* LoginWorker.swift in Sources */,
				523074A91DC70C4F002EB030 /* User.swift in Sources */,
				52760C101E9058F80093B921 /* ListChallengesWorker.swift in Sources */,
				52B682E91EA29BFE00DBB0A4 /* UserLoginPresenter.swift in Sources */,
				5267D8EC1E99A04D00B94470 /* TakeDto.swift in Sources */,
				52760C1B1E9059520093B921 /* EmptyChallengeTableViewCell.swift in Sources */,
				5257D33B1F928B6E00A2E05D /* AlertPresenter.swift in Sources */,
				5267D8E01E998E0100B94470 /* ListTakesPresenter.swift in Sources */,
				52592FB71F8B370A00D6202A /* PasswordVerificationInteractor.swift in Sources */,
				52760C0E1E9058F80093B921 /* ListChallengesForUserTableViewDataSource.swift in Sources */,
				52760C0A1E9058F80093B921 /* ListChallengesModels.swift in Sources */,
				524540D11EC4498F006FF5EB /* FriendsBaasBoxStore.swift in Sources */,
				52592FBA1F8B370A00D6202A /* PasswordVerificationRouter.swift in Sources */,
				5263CA561EA2D399001BA2E4 /* SignupUserRouter.swift in Sources */,
				52760C1D1E9059520093B921 /* ChallengeTableViewCell.swift in Sources */,
				5267D8E51E9994BE00B94470 /* ListTakesCollectionViewDataSource.swift in Sources */,
				52592FBB1F8B370A00D6202A /* PasswordVerificationViewController.swift in Sources */,
				5263CA571EA2D399001BA2E4 /* SignupUserViewController.swift in Sources */,
				5267D8E31E998E0100B94470 /* ListTakesWorker.swift in Sources */,
				52B682C11EA296C400DBB0A4 /* DisplayTakeModels.swift in Sources */,
				52299E2E1DE807ED00F04C86 /* BAAGlobals.m in Sources */,
				5257D3371F8C012900A2E05D /* ValidationService.swift in Sources */,
				524B02821EC2E93A007DA5EA /* FriendsMemStore.swift in Sources */,
				5267D8EE1E9A8E1700B94470 /* TakesWorker.swift in Sources */,
				33E3AA8C1E2ACF6D00C5D05A /* BaasBoxUser.swift in Sources */,
				5267D8DE1E998E0100B94470 /* ListTakesInteractor.swift in Sources */,
				52760C231E905EDB0093B921 /* ChallengesBaasBoxStore.swift in Sources */,
				5263CA581EA2D399001BA2E4 /* SignupUserWorker.swift in Sources */,
				52B682EB1EA29BFE00DBB0A4 /* UserLoginViewController.swift in Sources */,
				52592FB91F8B370A00D6202A /* PasswordVerificationPresenter.swift in Sources */,
				52B682F01EA2A19E00DBB0A4 /* LoginMemStore.swift in Sources */,
				5263CA551EA2D399001BA2E4 /* SignupUserPresenter.swift in Sources */,
				52B682F21EA2A1E600DBB0A4 /* LoginBaasBoxStore.swift in Sources */,
				52A868811E63687100F26F31 /* FriendSelectionTracker.swift in Sources */,
				5267D8E21E998E0100B94470 /* ListTakesViewController.swift in Sources */,
				5267D8F01E9A93DE00B94470 /* TakeMemStore.swift in Sources */,
				332283F11E05D5E4008647E4 /* BaasBoxClient.swift in Sources */,
				52A0D1F31EA2EC6400292B23 /* SignupBaasBoxStore.swift in Sources */,
				520655161E9B47D90048A575 /* TakeBaasBoxStore.swift in Sources */,
				52B682EC1EA29BFE00DBB0A4 /* UserLoginWorker.swift in Sources */,
				52B682EA1EA29BFE00DBB0A4 /* UserLoginRouter.swift in Sources */,
				52A0D1FC1EA3482D00292B23 /* UserForgotLoginPasswordViewController.swift in Sources */,
				52B682E81EA29BFE00DBB0A4 /* UserLoginModels.swift in Sources */,
				52A48D2A1DD90631005A89B8 /* DrawPathsView.swift in Sources */,
				52AD64141EA441E700774D5D /* FriendPickerCell.swift in Sources */,
				5263CA541EA2D399001BA2E4 /* SignupUserModels.swift in Sources */,
				5267D8DF1E998E0100B94470 /* ListTakesModels.swift in Sources */,
				52881F291DF91F0A0034A77A /* SwipelessNavigationController.swift in Sources */,
				5267D8E81E99965400B94470 /* TakeCollectionViewCell.swift in Sources */,
				52B682E71EA29BFE00DBB0A4 /* UserLoginInteractor.swift in Sources */,
				52760C0D1E9058F80093B921 /* ListChallengesForFriendsTableViewDataSource.swift in Sources */,
				52760C0F1E9058F80093B921 /* ListChallengesRouter.swift in Sources */,
				33E3AA4D1E248EA600C5D05A /* Backend.swift in Sources */,
				52A0D1F81EA3430500292B23 /* UserSettingsViewController.swift in Sources */,
				5267D8DD1E998E0100B94470 /* ListTakesConfigurator.swift in Sources */,
				5257AE651F5E6F6F00CD2A33 /* ChangePasswordModels.swift in Sources */,
				5263CA521EA2D399001BA2E4 /* SignupUserConfigurator.swift in Sources */,
				52299E2F1DE807ED00F04C86 /* BAAMutableURLRequest.m in Sources */,
				332283F21E05D5E4008647E4 /* BaasBoxTake.swift in Sources */,
				52760C071E9058F80093B921 /* ListChallengesPresenter.swift in Sources */,
				332283F01E05D5E4008647E4 /* BaasBoxChallenge.swift in Sources */,
				529EFBB11E9F3A3D0054559B /* CreateTakeViewController.swift in Sources */,
				529FB8381DE23AA800861826 /* ChallengeOptionsViewController.swift in Sources */,
				5257AE681F5E6F6F00CD2A33 /* ChangePasswordViewController.swift in Sources */,
				52A0D1F11EA2EB7700292B23 /* SignupWorker.swift in Sources */,
				5263CA531EA2D399001BA2E4 /* SignupUserInteractor.swift in Sources */,
				52760BF51E9045280093B921 /* ChallengeDto.swift in Sources */,
				5257AE661F5E6F6F00CD2A33 /* ChangePasswordPresenter.swift in Sources */,
				52BD8B6C1EA43464005B142C /* FriendViewController.swift in Sources */,
				52299E321DE807ED00F04C86 /* BAAUser.m in Sources */,
				52760C0B1E9058F80093B921 /* ListChallengesNoChallengesTableViewDataSource.swift in Sources */,
				524B02801EC2E601007DA5EA /* FriendsWorker.swift in Sources */,
				5257AE631F5E6F6F00CD2A33 /* ChangePasswordConfigurator.swift in Sources */,
				5248BE0F1E58D85100538A50 /* KeychainConfiguration.swift in Sources */,
				52299E301DE807ED00F04C86 /* BAAObject.m in Sources */,
				5285098C1DC6F9470083CC55 /* AppDelegate.swift in Sources */,
				524540CF1EC43CFE006FF5EB /* ListChallengesNoFriendsTableViewDataSource.swift in Sources */,
				52299E2D1DE807ED00F04C86 /* BAAFile.m in Sources */,
				52592FB81F8B370A00D6202A /* PasswordVerificationModels.swift in Sources */,
				52760C081E9058F80093B921 /* ListChallengesViewController.swift in Sources */,
				521BC6C01E66A4270083D6E6 /* NoFriendsCell.swift in Sources */,
				5248BE101E58D85100538A50 /* KeychainPasswordItem.swift in Sources */,
				52299E311DE807ED00F04C86 /* BaasBox.m in Sources */,
				520E2BE91EA4364600A5713C /* FriendNameTableViewCell.swift in Sources */,
				52760C141E90591E0093B921 /* ChallengesMemStore.swift in Sources */,
				52B682E61EA29BFE00DBB0A4 /* UserLoginConfigurator.swift in Sources */,
				332283F31E05D5E4008647E4 /* BaClient.swift in Sources */,
				5286FDC91F8BDEBE00A6244D /* Constants.swift in Sources */,
				52760C091E9058F80093B921 /* ListChallengesInteractor.swift in Sources */,
				5257D3391F92897700A2E05D /* AlertModel.swift in Sources */,
				5257AE641F5E6F6F00CD2A33 /* ChangePasswordInteractor.swift in Sources */,
			);
			runOnlyForDeploymentPostprocessing = 0;
		};
/* End PBXSourcesBuildPhase section */

/* Begin XCBuildConfiguration section */
		528509981DC6F9470083CC55 /* Debug */ = {
			isa = XCBuildConfiguration;
			buildSettings = {
				ALWAYS_SEARCH_USER_PATHS = NO;
				CLANG_ANALYZER_NONNULL = YES;
				CLANG_CXX_LANGUAGE_STANDARD = "gnu++0x";
				CLANG_CXX_LIBRARY = "libc++";
				CLANG_ENABLE_MODULES = YES;
				CLANG_ENABLE_OBJC_ARC = YES;
				CLANG_WARN_BOOL_CONVERSION = YES;
				CLANG_WARN_CONSTANT_CONVERSION = YES;
				CLANG_WARN_DIRECT_OBJC_ISA_USAGE = YES_ERROR;
				CLANG_WARN_DOCUMENTATION_COMMENTS = YES;
				CLANG_WARN_EMPTY_BODY = YES;
				CLANG_WARN_ENUM_CONVERSION = YES;
				CLANG_WARN_INFINITE_RECURSION = YES;
				CLANG_WARN_INT_CONVERSION = YES;
				CLANG_WARN_OBJC_ROOT_CLASS = YES_ERROR;
				CLANG_WARN_SUSPICIOUS_MOVE = YES;
				CLANG_WARN_SUSPICIOUS_MOVES = YES;
				CLANG_WARN_UNREACHABLE_CODE = YES;
				CLANG_WARN__DUPLICATE_METHOD_MATCH = YES;
				CODE_SIGN_IDENTITY = "iPhone Developer";
				"CODE_SIGN_IDENTITY[sdk=iphoneos*]" = "iPhone Developer";
				COPY_PHASE_STRIP = NO;
				DEBUG_INFORMATION_FORMAT = dwarf;
				ENABLE_STRICT_OBJC_MSGSEND = YES;
				ENABLE_TESTABILITY = YES;
				GCC_C_LANGUAGE_STANDARD = gnu99;
				GCC_DYNAMIC_NO_PIC = NO;
				GCC_NO_COMMON_BLOCKS = YES;
				GCC_OPTIMIZATION_LEVEL = 0;
				GCC_PREPROCESSOR_DEFINITIONS = (
					"DEBUG=1",
					"$(inherited)",
				);
				GCC_WARN_64_TO_32_BIT_CONVERSION = YES;
				GCC_WARN_ABOUT_RETURN_TYPE = YES_ERROR;
				GCC_WARN_UNDECLARED_SELECTOR = YES;
				GCC_WARN_UNINITIALIZED_AUTOS = YES_AGGRESSIVE;
				GCC_WARN_UNUSED_FUNCTION = YES;
				GCC_WARN_UNUSED_VARIABLE = YES;
				IPHONEOS_DEPLOYMENT_TARGET = 10.1;
				MTL_ENABLE_DEBUG_INFO = YES;
				ONLY_ACTIVE_ARCH = YES;
				SDKROOT = iphoneos;
				SWIFT_ACTIVE_COMPILATION_CONDITIONS = DEBUG;
				SWIFT_OPTIMIZATION_LEVEL = "-Onone";
			};
			name = Debug;
		};
		528509991DC6F9470083CC55 /* Release */ = {
			isa = XCBuildConfiguration;
			buildSettings = {
				ALWAYS_SEARCH_USER_PATHS = NO;
				CLANG_ANALYZER_NONNULL = YES;
				CLANG_CXX_LANGUAGE_STANDARD = "gnu++0x";
				CLANG_CXX_LIBRARY = "libc++";
				CLANG_ENABLE_MODULES = YES;
				CLANG_ENABLE_OBJC_ARC = YES;
				CLANG_WARN_BOOL_CONVERSION = YES;
				CLANG_WARN_CONSTANT_CONVERSION = YES;
				CLANG_WARN_DIRECT_OBJC_ISA_USAGE = YES_ERROR;
				CLANG_WARN_DOCUMENTATION_COMMENTS = YES;
				CLANG_WARN_EMPTY_BODY = YES;
				CLANG_WARN_ENUM_CONVERSION = YES;
				CLANG_WARN_INFINITE_RECURSION = YES;
				CLANG_WARN_INT_CONVERSION = YES;
				CLANG_WARN_OBJC_ROOT_CLASS = YES_ERROR;
				CLANG_WARN_SUSPICIOUS_MOVE = YES;
				CLANG_WARN_SUSPICIOUS_MOVES = YES;
				CLANG_WARN_UNREACHABLE_CODE = YES;
				CLANG_WARN__DUPLICATE_METHOD_MATCH = YES;
				CODE_SIGN_IDENTITY = "iPhone Developer";
				"CODE_SIGN_IDENTITY[sdk=iphoneos*]" = "iPhone Developer";
				COPY_PHASE_STRIP = NO;
				DEBUG_INFORMATION_FORMAT = "dwarf-with-dsym";
				ENABLE_NS_ASSERTIONS = NO;
				ENABLE_STRICT_OBJC_MSGSEND = YES;
				GCC_C_LANGUAGE_STANDARD = gnu99;
				GCC_NO_COMMON_BLOCKS = YES;
				GCC_WARN_64_TO_32_BIT_CONVERSION = YES;
				GCC_WARN_ABOUT_RETURN_TYPE = YES_ERROR;
				GCC_WARN_UNDECLARED_SELECTOR = YES;
				GCC_WARN_UNINITIALIZED_AUTOS = YES_AGGRESSIVE;
				GCC_WARN_UNUSED_FUNCTION = YES;
				GCC_WARN_UNUSED_VARIABLE = YES;
				IPHONEOS_DEPLOYMENT_TARGET = 10.1;
				MTL_ENABLE_DEBUG_INFO = NO;
				SDKROOT = iphoneos;
				SWIFT_OPTIMIZATION_LEVEL = "-Owholemodule";
				VALIDATE_PRODUCT = YES;
			};
			name = Release;
		};
		5285099B1DC6F9470083CC55 /* Debug */ = {
			isa = XCBuildConfiguration;
			buildSettings = {
				ASSETCATALOG_COMPILER_APPICON_NAME = AppIcon;
				CLANG_ENABLE_MODULES = YES;
				"CODE_SIGN_IDENTITY[sdk=iphoneos*]" = "iPhone Developer";
				DEVELOPMENT_TEAM = A99NKDYD4J;
				INFOPLIST_FILE = YourTake/Info.plist;
				LD_RUNPATH_SEARCH_PATHS = "$(inherited) @executable_path/Frameworks";
				PRODUCT_BUNDLE_IDENTIFIER = com.enovi.yourtake;
				PRODUCT_NAME = "$(TARGET_NAME)";
				SWIFT_OBJC_BRIDGING_HEADER = "YourTake/YourTake-Bridging-Header.h";
				SWIFT_OPTIMIZATION_LEVEL = "-Onone";
				SWIFT_VERSION = 3.0;
			};
			name = Debug;
		};
		5285099C1DC6F9470083CC55 /* Release */ = {
			isa = XCBuildConfiguration;
			buildSettings = {
				ASSETCATALOG_COMPILER_APPICON_NAME = AppIcon;
				CLANG_ENABLE_MODULES = YES;
				"CODE_SIGN_IDENTITY[sdk=iphoneos*]" = "iPhone Developer";
				DEVELOPMENT_TEAM = A99NKDYD4J;
				INFOPLIST_FILE = YourTake/Info.plist;
				LD_RUNPATH_SEARCH_PATHS = "$(inherited) @executable_path/Frameworks";
				PRODUCT_BUNDLE_IDENTIFIER = com.enovi.yourtake;
				PRODUCT_NAME = "$(TARGET_NAME)";
				SWIFT_OBJC_BRIDGING_HEADER = "YourTake/YourTake-Bridging-Header.h";
				SWIFT_VERSION = 3.0;
			};
			name = Release;
		};
/* End XCBuildConfiguration section */

/* Begin XCConfigurationList section */
		528509831DC6F9470083CC55 /* Build configuration list for PBXProject "YourTake" */ = {
			isa = XCConfigurationList;
			buildConfigurations = (
				528509981DC6F9470083CC55 /* Debug */,
				528509991DC6F9470083CC55 /* Release */,
			);
			defaultConfigurationIsVisible = 0;
			defaultConfigurationName = Release;
		};
		5285099A1DC6F9470083CC55 /* Build configuration list for PBXNativeTarget "YourTake" */ = {
			isa = XCConfigurationList;
			buildConfigurations = (
				5285099B1DC6F9470083CC55 /* Debug */,
				5285099C1DC6F9470083CC55 /* Release */,
			);
			defaultConfigurationIsVisible = 0;
			defaultConfigurationName = Release;
		};
/* End XCConfigurationList section */
	};
	rootObject = 528509801DC6F9470083CC55 /* Project object */;
}
